[[package]]
name = "bbhnet.logging"
version = "0.1.0"
description = "Basic logging utilities"
category = "main"
optional = false
python-versions = "^3.9"
develop = true

[package.source]
type = "directory"
url = "../../../libs/logging"

[[package]]
name = "hermes.typeo"
version = "0.1.5"
description = "Utilities for running functions as scripts"
category = "main"
optional = false
python-versions = ">=3.8,<4.0"

[package.dependencies]
toml = ">=0.10.2,<0.11.0"

[[package]]
name = "toml"
version = "0.10.2"
description = "Python Library for Tom's Obvious, Minimal Language"
category = "main"
optional = false
python-versions = ">=2.6, !=3.0.*, !=3.1.*, !=3.2.*"

[metadata]
lock-version = "1.1"
python-versions = "^3.9"
content-hash = "3a4ca4068ef189544b4cb0966dc6c1352d81dec6939050f33984cdfe2bc4b189"

[metadata.files]
"bbhnet.logging" = []
"hermes.typeo" = [
    {file = "hermes.typeo-0.1.5-py3-none-any.whl", hash = "sha256:a1fff2eeb257fb6f4f4b4b397681f2eddee59a4b8b3dd275f0fd9dac38e3371b"},
    {file = "hermes.typeo-0.1.5.tar.gz", hash = "sha256:8bd1d97a698c0e99a7d2a6b3b082c8b8290aea1bf0e6a44548752ca178a8c73e"},
]
toml = [
    {file = "toml-0.10.2-py2.py3-none-any.whl", hash = "sha256:806143ae5bfb6a3c6e736a764057db0e6a0e05e338b5630894a5f779cabb4f9b"},
    {file = "toml-0.10.2.tar.gz", hash = "sha256:b3bda1d108d5dd99f4a20d24d9c348e91c4db7ab1b749200bded2f839ccbe68f"},
]
