# This lock file was generated by conda-lock (https://github.com/conda/conda-lock). DO NOT EDIT!
#
# A "lock file" contains a concrete list of package versions (with checksums) to be installed. Unlike
# e.g. `conda env create`, the resulting environment will not change as new package versions become
# available, unless you explicitly update the lock file.
#
# Install this environment as "YOURENV" with:
#     conda-lock install -n YOURENV conda-lock.yml
# To update a single package to the latest version compatible with the version constraints in the source:
#     conda-lock lock  --lockfile conda-lock.yml --update PACKAGE
# To re-solve the entire environment, e.g. after changing a version constraint in the source file:
#     conda-lock -f projects/online/environment.yaml -f environment.yaml --lockfile conda-lock.yml
version: 1
metadata:
  content_hash:
    linux-64: a8f2a0e87245150d5cee18c35065b3db5d75f0c34071ba3260f1e2e0dada840a
  channels:
  - url: conda-forge
    used_env_vars: []
  platforms:
  - linux-64
  sources:
  - projects/online/environment.yaml
  - environment.yaml
package:
- name: _openmp_mutex
  version: '4.5'
  manager: conda
  platform: linux-64
  dependencies:
    __glibc: '>=2.17,<3.0.a0'
    libgomp: '>=7.5.0'
  url: https://conda.anaconda.org/conda-forge/linux-64/_openmp_mutex-4.5-20_gnu.conda
  hash:
    md5: a9f577daf3de00bca7c3c76c0ecbd1de
    sha256: 1dd3fffd892081df9726d7eb7e0dea6198962ba775bd88842135a4ddb4deb3c9
  category: main
  optional: false
- name: backports.zstd
  version: 1.3.0
  manager: conda
  platform: linux-64
  dependencies:
    python: ''
    libgcc: '>=14'
    __glibc: '>=2.17,<3.0.a0'
    python_abi: 3.12.*
    zstd: '>=1.5.7,<1.6.0a0'
  url: https://conda.anaconda.org/conda-forge/linux-64/backports.zstd-1.3.0-py312h90b7ffd_0.conda
  hash:
    md5: 5b8c55fed2e576dde4b0b33693a4fdb1
    sha256: d77a24be15e283d83214121428290dbe55632a6e458378205b39c550afa008cf
  category: main
  optional: false
- name: bcrypt
  version: 5.0.0
  manager: conda
  platform: linux-64
  dependencies:
    python: ''
    __glibc: '>=2.17,<3.0.a0'
    libgcc: '>=14'
    python_abi: 3.12.*
  url: https://conda.anaconda.org/conda-forge/linux-64/bcrypt-5.0.0-py312h868fb18_1.conda
  hash:
    md5: 8fbbd949c452efde5a75b62b22a88938
    sha256: 22020286e3d27eba7c9efef79c1020782885992aea0e7d28d7274c4405001521
  category: main
  optional: false
- name: brotli-python
  version: 1.2.0
  manager: conda
  platform: linux-64
  dependencies:
    __glibc: '>=2.17,<3.0.a0'
    libgcc: '>=14'
    libstdcxx: '>=14'
    python: '>=3.12,<3.13.0a0'
    python_abi: 3.12.*
  url: https://conda.anaconda.org/conda-forge/linux-64/brotli-python-1.2.0-py312hdb49522_1.conda
  hash:
    md5: 64088dffd7413a2dd557ce837b4cbbdb
    sha256: 49df13a1bb5e388ca0e4e87022260f9501ed4192656d23dc9d9a1b4bf3787918
  category: main
  optional: false
- name: bzip2
  version: 1.0.8
  manager: conda
  platform: linux-64
  dependencies:
    __glibc: '>=2.17,<3.0.a0'
    libgcc: '>=14'
  url: https://conda.anaconda.org/conda-forge/linux-64/bzip2-1.0.8-hda65f42_9.conda
  hash:
    md5: d2ffd7602c02f2b316fd921d39876885
    sha256: 0b75d45f0bba3e95dc693336fa51f40ea28c980131fec438afb7ce6118ed05f6
  category: main
  optional: false
- name: ca-certificates
  version: 2026.2.25
  manager: conda
  platform: linux-64
  dependencies:
    __unix: ''
  url: https://conda.anaconda.org/conda-forge/noarch/ca-certificates-2026.2.25-hbd8a1cb_0.conda
  hash:
    md5: 4492fd26db29495f0ba23f146cd5638d
    sha256: 67cc7101b36421c5913a1687ef1b99f85b5d6868da3abbf6ec1a4181e79782fc
  category: main
  optional: false
- name: cffi
  version: 2.0.0
  manager: conda
  platform: linux-64
  dependencies:
    __glibc: '>=2.17,<3.0.a0'
    libffi: '>=3.5.2,<3.6.0a0'
    libgcc: '>=14'
    pycparser: ''
    python: '>=3.12,<3.13.0a0'
    python_abi: 3.12.*
  url: https://conda.anaconda.org/conda-forge/linux-64/cffi-2.0.0-py312h460c074_1.conda
  hash:
    md5: 648ee28dcd4e07a1940a17da62eccd40
    sha256: 7dafe8173d5f94e46cf9cd597cc8ff476a8357fbbd4433a8b5697b2864845d9c
  category: main
  optional: false
- name: cryptography
  version: 46.0.7
  manager: conda
  platform: linux-64
  dependencies:
    __glibc: '>=2.17,<3.0.a0'
    cffi: '>=1.14'
    libgcc: '>=14'
    openssl: '>=3.5.6,<4.0a0'
    python: '>=3.12,<3.13.0a0'
    python_abi: 3.12.*
  url: https://conda.anaconda.org/conda-forge/linux-64/cryptography-46.0.7-py312ha4b625e_0.conda
  hash:
    md5: ab9e1a0591be902a1707159b58460453
    sha256: ec1635e4c3016f85d170f9f8d060f8a615d352b55bb39255a12dd3a1903d476c
  category: main
  optional: false
- name: cyrus-sasl
  version: 2.1.28
  manager: conda
  platform: linux-64
  dependencies:
    __glibc: '>=2.17,<3.0.a0'
    krb5: '>=1.22.2,<1.23.0a0'
    libgcc: '>=13'
    libntlm: '>=1.8,<2.0a0'
    libstdcxx: '>=13'
    libxcrypt: '>=4.4.36'
    openssl: '>=3.5.5,<4.0a0'
  url: https://conda.anaconda.org/conda-forge/linux-64/cyrus-sasl-2.1.28-hac629b4_1.conda
  hash:
    md5: af491aae930edc096b58466c51c4126c
    sha256: 7684da83306bb69686c0506fb09aa7074e1a55ade50c3a879e4e5df6eebb1009
  category: main
  optional: false
- name: decorator
  version: 5.2.1
  manager: conda
  platform: linux-64
  dependencies:
    python: '>=3.9'
  url: https://conda.anaconda.org/conda-forge/noarch/decorator-5.2.1-pyhd8ed1ab_0.conda
  hash:
    md5: 9ce473d1d1be1cc3810856a48b3fab32
    sha256: c17c6b9937c08ad63cb20a26f403a3234088e57d4455600974a0ce865cb14017
  category: main
  optional: false
- name: h2
  version: 4.3.0
  manager: conda
  platform: linux-64
  dependencies:
    python: ''
    hyperframe: '>=6.1,<7'
    hpack: '>=4.1,<5'
  url: https://conda.anaconda.org/conda-forge/noarch/h2-4.3.0-pyhcf101f3_0.conda
  hash:
    md5: 164fc43f0b53b6e3a7bc7dce5e4f1dc9
    sha256: 84c64443368f84b600bfecc529a1194a3b14c3656ee2e832d15a20e0329b6da3
  category: main
  optional: false
- name: hpack
  version: 4.1.0
  manager: conda
  platform: linux-64
  dependencies:
    python: '>=3.9'
  url: https://conda.anaconda.org/conda-forge/noarch/hpack-4.1.0-pyhd8ed1ab_0.conda
  hash:
    md5: 0a802cb9888dd14eeefc611f05c40b6e
    sha256: 6ad78a180576c706aabeb5b4c8ceb97c0cb25f1e112d76495bff23e3779948ba
  category: main
  optional: false
- name: htgettoken
  version: '2.6'
  manager: conda
  platform: linux-64
  dependencies:
    jq: ''
    paramiko: ''
    python: '>=3.12,<3.13.0a0'
    python-gssapi: ''
    python_abi: 3.12.*
    urllib3: ''
  url: https://conda.anaconda.org/conda-forge/linux-64/htgettoken-2.6-py312h7900ff3_0.conda
  hash:
    md5: d341279ba84525b9ac1ea09e28c9022c
    sha256: ed166a6c3b811acfd2269a218da9784e718975e6fe48b2fd9411d682c50510ac
  category: main
  optional: false
- name: hyperframe
  version: 6.1.0
  manager: conda
  platform: linux-64
  dependencies:
    python: '>=3.9'
  url: https://conda.anaconda.org/conda-forge/noarch/hyperframe-6.1.0-pyhd8ed1ab_0.conda
  hash:
    md5: 8e6923fc12f1fe8f8c4e5c9f343256ac
    sha256: 77af6f5fe8b62ca07d09ac60127a30d9069fdc3c68d6b256754d0ffb1f7779f8
  category: main
  optional: false
- name: icu
  version: '78.3'
  manager: conda
  platform: linux-64
  dependencies:
    __glibc: '>=2.17,<3.0.a0'
    libgcc: '>=14'
    libstdcxx: '>=14'
  url: https://conda.anaconda.org/conda-forge/linux-64/icu-78.3-h33c6efd_0.conda
  hash:
    md5: c80d8a3b84358cb967fa81e7075fbc8a
    sha256: fbf86c4a59c2ed05bbffb2ba25c7ed94f6185ec30ecb691615d42342baa1a16a
  category: main
  optional: false
- name: invoke
  version: 3.0.3
  manager: conda
  platform: linux-64
  dependencies:
    python: '>=3.10'
  url: https://conda.anaconda.org/conda-forge/noarch/invoke-3.0.3-pyhd8ed1ab_0.conda
  hash:
    md5: 4dee387356d58bdc4b686ae3424fbd9e
    sha256: d7421c54944dec04d2671e23196a15583d48f309d06fbcf995b5dfa6d586a5e9
  category: main
  optional: false
- name: jq
  version: 1.8.1
  manager: conda
  platform: linux-64
  dependencies:
    oniguruma: '>=6.9.10,<6.10.0a0'
    libgcc: '>=13'
    __glibc: '>=2.17,<3.0.a0'
  url: https://conda.anaconda.org/conda-forge/linux-64/jq-1.8.1-h73b1eb8_0.conda
  hash:
    md5: 2714e43bfc035f7ef26796632aa1b523
    sha256: ab26cb11ad0d10f5c6637d925b044c74a3eacb5825686d3720313b3cb6d40cef
  category: main
  optional: false
- name: keyutils
  version: 1.6.3
  manager: conda
  platform: linux-64
  dependencies:
    __glibc: '>=2.17,<3.0.a0'
    libgcc: '>=13'
  url: https://conda.anaconda.org/conda-forge/linux-64/keyutils-1.6.3-hb9d3cd8_0.conda
  hash:
    md5: b38117a3c920364aff79f870c984b4a3
    sha256: 0960d06048a7185d3542d850986d807c6e37ca2e644342dd0c72feefcf26c2a4
  category: main
  optional: false
- name: krb5
  version: 1.22.2
  manager: conda
  platform: linux-64
  dependencies:
    __glibc: '>=2.17,<3.0.a0'
    keyutils: '>=1.6.3,<2.0a0'
    libedit: '>=3.1.20250104,<4.0a0'
    libgcc: '>=14'
    libstdcxx: '>=14'
    openssl: '>=3.5.5,<4.0a0'
  url: https://conda.anaconda.org/conda-forge/linux-64/krb5-1.22.2-ha1258a1_0.conda
  hash:
    md5: fb53fb07ce46a575c5d004bbc96032c2
    sha256: 3e307628ca3527448dd1cb14ad7bb9d04d1d28c7d4c5f97ba196ae984571dd25
  category: main
  optional: false
- name: ld_impl_linux-64
  version: 2.45.1
  manager: conda
  platform: linux-64
  dependencies:
    __glibc: '>=2.17,<3.0.a0'
    zstd: '>=1.5.7,<1.6.0a0'
  url: https://conda.anaconda.org/conda-forge/linux-64/ld_impl_linux-64-2.45.1-default_hbd61a6d_102.conda
  hash:
    md5: 18335a698559cdbcd86150a48bf54ba6
    sha256: 3d584956604909ff5df353767f3a2a2f60e07d070b328d109f30ac40cd62df6c
  category: main
  optional: false
- name: ldas-tools-al
  version: 2.7.0
  manager: conda
  platform: linux-64
  dependencies:
    __glibc: '>=2.17,<3.0.a0'
    libboost: '>=1.88.0,<1.89.0a0'
    libgcc: '>=14'
    libstdcxx: '>=14'
  url: https://conda.anaconda.org/conda-forge/linux-64/ldas-tools-al-2.7.0-hd827ec0_3.conda
  hash:
    md5: 754b9e851afaea050c27ee93cfb2efaa
    sha256: cb41035f9c7bfa456409c06b7f093105cf5c8ccbb1876937f5767c2ad7ce83bb
  category: main
  optional: false
- name: ldas-tools-framecpp
  version: 2.9.3
  manager: conda
  platform: linux-64
  dependencies:
    __glibc: '>=2.17,<3.0.a0'
    ldas-tools-al: '>=2.7.0,<2.8.0a0'
    libboost: '>=1.88.0,<1.89.0a0'
    libgcc: '>=14'
    libstdcxx: '>=14'
    libzlib: '>=1.3.1,<2.0a0'
    openssl: '>=3.5.2,<4.0a0'
  url: https://conda.anaconda.org/conda-forge/linux-64/ldas-tools-framecpp-2.9.3-he85ded8_4.conda
  hash:
    md5: 41b300c2be384755cc193016f4eadb0c
    sha256: abbee4227ac52d8d86ee48ac6b72a557087c4f4c3db744e792320d3db100e567
  category: main
  optional: false
- name: libblas
  version: 3.11.0
  manager: conda
  platform: linux-64
  dependencies:
    libopenblas: '>=0.3.32,<1.0a0'
  url: https://conda.anaconda.org/conda-forge/linux-64/libblas-3.11.0-6_h4a7cf45_openblas.conda
  hash:
    md5: 6d6d225559bfa6e2f3c90ee9c03d4e2e
    sha256: 7bfe936dbb5db04820cf300a9cc1f5ee8d5302fc896c2d66e30f1ee2f20fbfd6
  category: main
  optional: false
- name: libboost
  version: 1.88.0
  manager: conda
  platform: linux-64
  dependencies:
    __glibc: '>=2.17,<3.0.a0'
    bzip2: '>=1.0.8,<2.0a0'
    icu: '>=78.1,<79.0a0'
    libgcc: '>=14'
    liblzma: '>=5.8.1,<6.0a0'
    libstdcxx: '>=14'
    libzlib: '>=1.3.1,<2.0a0'
    zstd: '>=1.5.7,<1.6.0a0'
  url: https://conda.anaconda.org/conda-forge/linux-64/libboost-1.88.0-hd24cca6_7.conda
  hash:
    md5: d70e4dc6a847d437387d45462fe60cf9
    sha256: dd489228e1916c7720c925248d0ba12803d1dc8b9898be0c51f4ab37bab6ffa5
  category: main
  optional: false
- name: libcblas
  version: 3.11.0
  manager: conda
  platform: linux-64
  dependencies:
    libblas: 3.11.0
  url: https://conda.anaconda.org/conda-forge/linux-64/libcblas-3.11.0-6_h0358290_openblas.conda
  hash:
    md5: 36ae340a916635b97ac8a0655ace2a35
    sha256: 57edafa7796f6fa3ebbd5367692dd4c7f552be42109c2dd1a7c89b55089bf374
  category: main
  optional: false
- name: libedit
  version: 3.1.20250104
  manager: conda
  platform: linux-64
  dependencies:
    ncurses: '>=6.5,<7.0a0'
    __glibc: '>=2.17,<3.0.a0'
    libgcc: '>=13'
  url: https://conda.anaconda.org/conda-forge/linux-64/libedit-3.1.20250104-pl5321h7949ede_0.conda
  hash:
    md5: c277e0a4d549b03ac1e9d6cbbe3d017b
    sha256: d789471216e7aba3c184cd054ed61ce3f6dac6f87a50ec69291b9297f8c18724
  category: main
  optional: false
- name: libexpat
  version: 2.7.5
  manager: conda
  platform: linux-64
  dependencies:
    __glibc: '>=2.17,<3.0.a0'
    libgcc: '>=14'
  url: https://conda.anaconda.org/conda-forge/linux-64/libexpat-2.7.5-hecca717_0.conda
  hash:
    md5: 49f570f3bc4c874a06ea69b7225753af
    sha256: e8c2b57f6aacabdf2f1b0924bd4831ce5071ba080baa4a9e8c0d720588b6794c
  category: main
  optional: false
- name: libffi
  version: 3.5.2
  manager: conda
  platform: linux-64
  dependencies:
    __glibc: '>=2.17,<3.0.a0'
    libgcc: '>=14'
  url: https://conda.anaconda.org/conda-forge/linux-64/libffi-3.5.2-h3435931_0.conda
  hash:
    md5: a360c33a5abe61c07959e449fa1453eb
    sha256: 31f19b6a88ce40ebc0d5a992c131f57d919f73c0b92cd1617a5bec83f6e961e6
  category: main
  optional: false
- name: libgcc
  version: 15.2.0
  manager: conda
  platform: linux-64
  dependencies:
    __glibc: '>=2.17,<3.0.a0'
    _openmp_mutex: '>=4.5'
  url: https://conda.anaconda.org/conda-forge/linux-64/libgcc-15.2.0-he0feb66_18.conda
  hash:
    md5: 0aa00f03f9e39fb9876085dee11a85d4
    sha256: faf7d2017b4d718951e3a59d081eb09759152f93038479b768e3d612688f83f5
  category: main
  optional: false
- name: libgcc-ng
  version: 15.2.0
  manager: conda
  platform: linux-64
  dependencies:
    libgcc: 15.2.0
  url: https://conda.anaconda.org/conda-forge/linux-64/libgcc-ng-15.2.0-h69a702a_18.conda
  hash:
    md5: d5e96b1ed75ca01906b3d2469b4ce493
    sha256: e318a711400f536c81123e753d4c797a821021fb38970cebfb3f454126016893
  category: main
  optional: false
- name: libgfortran
  version: 15.2.0
  manager: conda
  platform: linux-64
  dependencies:
    libgfortran5: 15.2.0
  url: https://conda.anaconda.org/conda-forge/linux-64/libgfortran-15.2.0-h69a702a_18.conda
  hash:
    md5: 9063115da5bc35fdc3e1002e69b9ef6e
    sha256: d2c9fad338fd85e4487424865da8e74006ab2e2475bd788f624d7a39b2a72aee
  category: main
  optional: false
- name: libgfortran5
  version: 15.2.0
  manager: conda
  platform: linux-64
  dependencies:
    __glibc: '>=2.17,<3.0.a0'
    libgcc: '>=15.2.0'
  url: https://conda.anaconda.org/conda-forge/linux-64/libgfortran5-15.2.0-h68bc16d_18.conda
  hash:
    md5: 646855f357199a12f02a87382d429b75
    sha256: 539b57cf50ec85509a94ba9949b7e30717839e4d694bc94f30d41c9d34de2d12
  category: main
  optional: false
- name: libgomp
  version: 15.2.0
  manager: conda
  platform: linux-64
  dependencies:
    __glibc: '>=2.17,<3.0.a0'
  url: https://conda.anaconda.org/conda-forge/linux-64/libgomp-15.2.0-he0feb66_18.conda
  hash:
    md5: 239c5e9546c38a1e884d69effcf4c882
    sha256: 21337ab58e5e0649d869ab168d4e609b033509de22521de1bfed0c031bfc5110
  category: main
  optional: false
- name: liblapack
  version: 3.11.0
  manager: conda
  platform: linux-64
  dependencies:
    libblas: 3.11.0
  url: https://conda.anaconda.org/conda-forge/linux-64/liblapack-3.11.0-6_h47877c9_openblas.conda
  hash:
    md5: 881d801569b201c2e753f03c84b85e15
    sha256: 371f517eb7010b21c6cc882c7606daccebb943307cb9a3bf2c70456a5c024f7d
  category: main
  optional: false
- name: liblzma
  version: 5.8.3
  manager: conda
  platform: linux-64
  dependencies:
    __glibc: '>=2.17,<3.0.a0'
    libgcc: '>=14'
  url: https://conda.anaconda.org/conda-forge/linux-64/liblzma-5.8.3-hb03c661_0.conda
  hash:
    md5: b88d90cad08e6bc8ad540cb310a761fb
    sha256: ec30e52a3c1bf7d0425380a189d209a52baa03f22fb66dd3eb587acaa765bd6d
  category: main
  optional: false
- name: libnsl
  version: 2.0.1
  manager: conda
  platform: linux-64
  dependencies:
    __glibc: '>=2.17,<3.0.a0'
    libgcc: '>=13'
  url: https://conda.anaconda.org/conda-forge/linux-64/libnsl-2.0.1-hb9d3cd8_1.conda
  hash:
    md5: d864d34357c3b65a4b731f78c0801dc4
    sha256: 927fe72b054277cde6cb82597d0fcf6baf127dcbce2e0a9d8925a68f1265eef5
  category: main
  optional: false
- name: libntlm
  version: '1.8'
  manager: conda
  platform: linux-64
  dependencies:
    __glibc: '>=2.17,<3.0.a0'
    libgcc: '>=13'
  url: https://conda.anaconda.org/conda-forge/linux-64/libntlm-1.8-hb9d3cd8_0.conda
  hash:
    md5: 7c7927b404672409d9917d49bff5f2d6
    sha256: 3b3f19ced060013c2dd99d9d46403be6d319d4601814c772a3472fe2955612b0
  category: main
  optional: false
- name: libopenblas
  version: 0.3.32
  manager: conda
  platform: linux-64
  dependencies:
    __glibc: '>=2.17,<3.0.a0'
    libgcc: '>=14'
    libgfortran: ''
    libgfortran5: '>=14.3.0'
  url: https://conda.anaconda.org/conda-forge/linux-64/libopenblas-0.3.32-pthreads_h94d23a6_0.conda
  hash:
    md5: 89d61bc91d3f39fda0ca10fcd3c68594
    sha256: 6dc30b28f32737a1c52dada10c8f3a41bc9e021854215efca04a7f00487d09d9
  category: main
  optional: false
- name: libsodium
  version: 1.0.21
  manager: conda
  platform: linux-64
  dependencies:
    libgcc: '>=14'
    __glibc: '>=2.17,<3.0.a0'
  url: https://conda.anaconda.org/conda-forge/linux-64/libsodium-1.0.21-h280c20c_3.conda
  hash:
    md5: 7af961ef4aa2c1136e11dd43ded245ab
    sha256: 64e5c80cbce4680a2d25179949739a6def695d72c40ca28f010711764e372d97
  category: main
  optional: false
- name: libsqlite
  version: 3.53.0
  manager: conda
  platform: linux-64
  dependencies:
    __glibc: '>=2.17,<3.0.a0'
    icu: '>=78.3,<79.0a0'
    libgcc: '>=14'
    libzlib: '>=1.3.2,<2.0a0'
  url: https://conda.anaconda.org/conda-forge/linux-64/libsqlite-3.53.0-hf4e2dac_0.conda
  hash:
    md5: 810d83373448da85c3f673fbcb7ad3a3
    sha256: ec37c79f737933bbac965f5dc0f08ef2790247129a84bb3114fad4900adce401
  category: main
  optional: false
- name: libstdcxx
  version: 15.2.0
  manager: conda
  platform: linux-64
  dependencies:
    __glibc: '>=2.17,<3.0.a0'
    libgcc: 15.2.0
  url: https://conda.anaconda.org/conda-forge/linux-64/libstdcxx-15.2.0-h934c35e_18.conda
  hash:
    md5: 1b08cd684f34175e4514474793d44bcb
    sha256: 78668020064fdaa27e9ab65cd2997e2c837b564ab26ce3bf0e58a2ce1a525c6e
  category: main
  optional: false
- name: libuuid
  version: '2.42'
  manager: conda
  platform: linux-64
  dependencies:
    __glibc: '>=2.17,<3.0.a0'
    libgcc: '>=14'
  url: https://conda.anaconda.org/conda-forge/linux-64/libuuid-2.42-h5347b49_0.conda
  hash:
    md5: 38ffe67b78c9d4de527be8315e5ada2c
    sha256: bc1b08c92626c91500fd9f26f2c797f3eb153b627d53e9c13cd167f1e12b2829
  category: main
  optional: false
- name: libxcrypt
  version: 4.4.36
  manager: conda
  platform: linux-64
  dependencies:
    libgcc-ng: '>=12'
  url: https://conda.anaconda.org/conda-forge/linux-64/libxcrypt-4.4.36-hd590300_1.conda
  hash:
    md5: 5aa797f8787fe7a17d1b0821485b5adc
    sha256: 6ae68e0b86423ef188196fff6207ed0c8195dd84273cb5623b85aa08033a410c
  category: main
  optional: false
- name: libzlib
  version: 1.3.2
  manager: conda
  platform: linux-64
  dependencies:
    __glibc: '>=2.17,<3.0.a0'
  url: https://conda.anaconda.org/conda-forge/linux-64/libzlib-1.3.2-h25fd6f3_2.conda
  hash:
    md5: d87ff7921124eccd67248aa483c23fec
    sha256: 55044c403570f0dc26e6364de4dc5368e5f3fc7ff103e867c487e2b5ab2bcda9
  category: main
  optional: false
- name: ncurses
  version: '6.5'
  manager: conda
  platform: linux-64
  dependencies:
    __glibc: '>=2.17,<3.0.a0'
    libgcc: '>=13'
  url: https://conda.anaconda.org/conda-forge/linux-64/ncurses-6.5-h2d0b736_3.conda
  hash:
    md5: 47e340acb35de30501a76c7c799c41d7
    sha256: 3fde293232fa3fca98635e1167de6b7c7fda83caf24b9d6c91ec9eefb4f4d586
  category: main
  optional: false
- name: nds2-client
  version: 0.16.8
  manager: conda
  platform: linux-64
  dependencies:
    __glibc: '>=2.17,<3.0.a0'
    cyrus-sasl: '>=2.1.28,<3.0a0'
    libgcc: '>=14'
    libstdcxx: '>=14'
  url: https://conda.anaconda.org/conda-forge/linux-64/nds2-client-0.16.8-h83f5b4b_10.conda
  hash:
    md5: e4a78c84a8336fda3f3ea62bbc8347f9
    sha256: a2f1bbb881b4277fb2c8a9424c61417efe7a617fd0c9fa0c13e1f172f40e34e0
  category: main
  optional: false
- name: numpy
  version: 2.4.3
  manager: conda
  platform: linux-64
  dependencies:
    python: ''
    libgcc: '>=14'
    libstdcxx: '>=14'
    __glibc: '>=2.17,<3.0.a0'
    liblapack: '>=3.9.0,<4.0a0'
    libblas: '>=3.9.0,<4.0a0'
    python_abi: 3.12.*
    libcblas: '>=3.9.0,<4.0a0'
  url: https://conda.anaconda.org/conda-forge/linux-64/numpy-2.4.3-py312h33ff503_0.conda
  hash:
    md5: 5930ee8a175a242b4f001b1e9e72024f
    sha256: 1aab7ba963affa572956b1bd8d239df52a9c7bc799c560f98bc658ab70224e10
  category: main
  optional: false
- name: oniguruma
  version: 6.9.10
  manager: conda
  platform: linux-64
  dependencies:
    __glibc: '>=2.17,<3.0.a0'
    libgcc: '>=13'
  url: https://conda.anaconda.org/conda-forge/linux-64/oniguruma-6.9.10-hb9d3cd8_0.conda
  hash:
    md5: 6ce853cb231f18576d2db5c2d4cb473e
    sha256: bbff8a60f70d5ebab138b564554f28258472e1e63178614562d4feee29d10da2
  category: main
  optional: false
- name: openssl
  version: 3.6.2
  manager: conda
  platform: linux-64
  dependencies:
    __glibc: '>=2.17,<3.0.a0'
    ca-certificates: ''
    libgcc: '>=14'
  url: https://conda.anaconda.org/conda-forge/linux-64/openssl-3.6.2-h35e630c_0.conda
  hash:
    md5: da1b85b6a87e141f5140bb9924cecab0
    sha256: c0ef482280e38c71a08ad6d71448194b719630345b0c9c60744a2010e8a8e0cb
  category: main
  optional: false
- name: packaging
  version: '26.0'
  manager: conda
  platform: linux-64
  dependencies:
    python: ''
  url: https://conda.anaconda.org/conda-forge/noarch/packaging-26.0-pyhcf101f3_0.conda
  hash:
    md5: b76541e68fea4d511b1ac46a28dcd2c6
    sha256: c1fc0f953048f743385d31c468b4a678b3ad20caffdeaa94bed85ba63049fd58
  category: main
  optional: false
- name: paramiko
  version: 4.0.0
  manager: conda
  platform: linux-64
  dependencies:
    bcrypt: '>=3.2'
    cryptography: '>=3.3'
    invoke: '>=2.0'
    pynacl: '>=1.5'
    python: '>=3.9'
  url: https://conda.anaconda.org/conda-forge/noarch/paramiko-4.0.0-pyhd8ed1ab_0.conda
  hash:
    md5: 1a884d2b1ea21abfb73911dcdb8342e4
    sha256: ce76d5a1fc6c7ef636cbdbf14ce2d601a1bfa0dd8d286507c1fd02546fccb94b
  category: main
  optional: false
- name: pip
  version: 26.0.1
  manager: conda
  platform: linux-64
  dependencies:
    python: '>=3.10,<3.13.0a0'
    setuptools: ''
    wheel: ''
  url: https://conda.anaconda.org/conda-forge/noarch/pip-26.0.1-pyh8b19718_0.conda
  hash:
    md5: 67bdec43082fd8a9cffb9484420b39a2
    sha256: 8e1497814a9997654ed7990a79c054ea5a42545679407acbc6f7e809c73c9120
  category: main
  optional: false
- name: pycparser
  version: '2.22'
  manager: conda
  platform: linux-64
  dependencies:
    python: ''
  url: https://conda.anaconda.org/conda-forge/noarch/pycparser-2.22-pyh29332c3_1.conda
  hash:
    md5: 12c566707c80111f9799308d9e265aef
    sha256: 79db7928d13fab2d892592223d7570f5061c192f27b9febd1a418427b719acc6
  category: main
  optional: false
- name: pynacl
  version: 1.6.2
  manager: conda
  platform: linux-64
  dependencies:
    __glibc: '>=2.17,<3.0.a0'
    cffi: '>=1.4.1'
    libgcc: '>=14'
    libsodium: '>=1.0.21,<1.0.22.0a0'
    python: '>=3.12,<3.13.0a0'
    python_abi: 3.12.*
    six: ''
  url: https://conda.anaconda.org/conda-forge/linux-64/pynacl-1.6.2-py312h587e1b2_1.conda
  hash:
    md5: 6e4d8ed581cc576435d366372054ac71
    sha256: cc84dd07811861c800fb3f0df3fb64ea579adcb518a5daac6e1089baabd697d1
  category: main
  optional: false
- name: pysocks
  version: 1.7.1
  manager: conda
  platform: linux-64
  dependencies:
    __unix: ''
    python: '>=3.9'
  url: https://conda.anaconda.org/conda-forge/noarch/pysocks-1.7.1-pyha55dd90_7.conda
  hash:
    md5: 461219d1a5bd61342293efa2c0c90eac
    sha256: ba3b032fa52709ce0d9fd388f63d330a026754587a2f461117cac9ab73d8d0d8
  category: main
  optional: false
- name: python
  version: 3.12.13
  manager: conda
  platform: linux-64
  dependencies:
    __glibc: '>=2.17,<3.0.a0'
    bzip2: '>=1.0.8,<2.0a0'
    ld_impl_linux-64: '>=2.36.1'
    libexpat: '>=2.7.4,<3.0a0'
    libffi: '>=3.5.2,<3.6.0a0'
    libgcc: '>=14'
    liblzma: '>=5.8.2,<6.0a0'
    libnsl: '>=2.0.1,<2.1.0a0'
    libsqlite: '>=3.51.2,<4.0a0'
    libuuid: '>=2.41.3,<3.0a0'
    libxcrypt: '>=4.4.36'
    libzlib: '>=1.3.1,<2.0a0'
    ncurses: '>=6.5,<7.0a0'
    openssl: '>=3.5.5,<4.0a0'
    readline: '>=8.3,<9.0a0'
    tk: '>=8.6.13,<8.7.0a0'
    tzdata: ''
    pip: ''
  url: https://conda.anaconda.org/conda-forge/linux-64/python-3.12.13-hd63d673_0_cpython.conda
  hash:
    md5: 7eccb41177e15cc672e1babe9056018e
    sha256: a44655c1c3e1d43ed8704890a91e12afd68130414ea2c0872e154e5633a13d7e
  category: main
  optional: false
- name: python-gssapi
  version: 1.11.1
  manager: conda
  platform: linux-64
  dependencies:
    __glibc: '>=2.17,<3.0.a0'
    decorator: ''
    krb5: '>=1.22.2,<1.23.0a0'
    libgcc: '>=14'
    python: '>=3.12,<3.13.0a0'
    python_abi: 3.12.*
  url: https://conda.anaconda.org/conda-forge/linux-64/python-gssapi-1.11.1-py312hf9980d4_1.conda
  hash:
    md5: 2c94a14272c456aaa2a024cfa6621c2e
    sha256: 70deb9508f445f75e2e897a7fc069e1d8388712aa5f98cb0636bb35d1b9aa296
  category: main
  optional: false
- name: python-ldas-tools-al
  version: 2.6.11
  manager: conda
  platform: linux-64
  dependencies:
    __glibc: '>=2.17,<3.0.a0'
    libgcc: '>=14'
    libstdcxx: '>=14'
    python: '>=3.12,<3.13.0a0'
    python_abi: 3.12.*
  url: https://conda.anaconda.org/conda-forge/linux-64/python-ldas-tools-al-2.6.11-py312hd9148b4_2.conda
  hash:
    md5: d0c2b9196765c45a71d079f93a4a9993
    sha256: 2491711ae906f22f470755a348346d8af00353ba156568a46e5510056f7dd5b4
  category: main
  optional: false
- name: python-ldas-tools-framecpp
  version: 2.6.14
  manager: conda
  platform: linux-64
  dependencies:
    __glibc: '>=2.17,<3.0.a0'
    ldas-tools-al: '>=2.7.0,<2.8.0a0'
    ldas-tools-framecpp: '>=2.9.3,<2.10.0a0'
    libboost: '>=1.88.0,<1.89.0a0'
    libgcc: '>=14'
    libstdcxx: '>=14'
    numpy: '>=1.23,<3'
    python: '>=3.12,<3.13.0a0'
    python-ldas-tools-al: '>=2.6.10'
    python_abi: 3.12.*
  url: https://conda.anaconda.org/conda-forge/linux-64/python-ldas-tools-framecpp-2.6.14-py312h25b3ab5_9.conda
  hash:
    md5: 85092c5eaf659f6d2e63b03ae52e3ec2
    sha256: 0e18a73066505c458df806b5508c000c950c99293f1e34e3b9792e60d99d7ece
  category: main
  optional: false
- name: python-nds2-client
  version: 0.16.12
  manager: conda
  platform: linux-64
  dependencies:
    __glibc: '>=2.17,<3.0.a0'
    libgcc: '>=14'
    libstdcxx: '>=14'
    nds2-client: '>=0.16.8,<0.17.0a0'
    numpy: '>=1.23,<3'
    python: '>=3.12,<3.13.0a0'
    python_abi: 3.12.*
  url: https://conda.anaconda.org/conda-forge/linux-64/python-nds2-client-0.16.12-py312hf79963d_8.conda
  hash:
    md5: 38dbadd66c561f15d7b777f9bf5d9ea8
    sha256: c87e135a49634d77198e8b64dcd8982935fe505a784afe497d8bf4d95f741668
  category: main
  optional: false
- name: python_abi
  version: '3.12'
  manager: conda
  platform: linux-64
  dependencies: {}
  url: https://conda.anaconda.org/conda-forge/noarch/python_abi-3.12-8_cp312.conda
  hash:
    md5: c3efd25ac4d74b1584d2f7a57195ddf1
    sha256: 80677180dd3c22deb7426ca89d6203f1c7f1f256f2d5a94dc210f6e758229809
  category: main
  optional: false
- name: readline
  version: '8.3'
  manager: conda
  platform: linux-64
  dependencies:
    __glibc: '>=2.17,<3.0.a0'
    libgcc: '>=14'
    ncurses: '>=6.5,<7.0a0'
  url: https://conda.anaconda.org/conda-forge/linux-64/readline-8.3-h853b02a_0.conda
  hash:
    md5: d7d95fc8287ea7bf33e0e7116d2b95ec
    sha256: 12ffde5a6f958e285aa22c191ca01bbd3d6e710aa852e00618fa6ddc59149002
  category: main
  optional: false
- name: setuptools
  version: 82.0.1
  manager: conda
  platform: linux-64
  dependencies:
    python: '>=3.10'
  url: https://conda.anaconda.org/conda-forge/noarch/setuptools-82.0.1-pyh332efcf_0.conda
  hash:
    md5: 8e194e7b992f99a5015edbd4ebd38efd
    sha256: 82088a6e4daa33329a30bc26dc19a98c7c1d3f05c0f73ce9845d4eab4924e9e1
  category: main
  optional: false
- name: six
  version: 1.17.0
  manager: conda
  platform: linux-64
  dependencies:
    python: ''
  url: https://conda.anaconda.org/conda-forge/noarch/six-1.17.0-pyhe01879c_1.conda
  hash:
    md5: 3339e3b65d58accf4ca4fb8748ab16b3
    sha256: 458227f759d5e3fcec5d9b7acce54e10c9e1f4f4b7ec978f3bfd54ce4ee9853d
  category: main
  optional: false
- name: tk
  version: 8.6.13
  manager: conda
  platform: linux-64
  dependencies:
    __glibc: '>=2.17,<3.0.a0'
    libgcc: '>=14'
    libzlib: '>=1.3.1,<2.0a0'
  url: https://conda.anaconda.org/conda-forge/linux-64/tk-8.6.13-noxft_h366c992_103.conda
  hash:
    md5: cffd3bdd58090148f4cfcd831f4b26ab
    sha256: cafeec44494f842ffeca27e9c8b0c27ed714f93ac77ddadc6aaf726b5554ebac
  category: main
  optional: false
- name: tzdata
  version: 2025c
  manager: conda
  platform: linux-64
  dependencies: {}
  url: https://conda.anaconda.org/conda-forge/noarch/tzdata-2025c-hc9c84f9_1.conda
  hash:
    md5: ad659d0a2b3e47e38d829aa8cad2d610
    sha256: 1d30098909076af33a35017eed6f2953af1c769e273a0626a04722ac4acaba3c
  category: main
  optional: false
- name: urllib3
  version: 2.6.3
  manager: conda
  platform: linux-64
  dependencies:
    backports.zstd: '>=1.0.0'
    brotli-python: '>=1.2.0'
    h2: '>=4,<5'
    pysocks: '>=1.5.6,<2.0,!=1.5.7'
    python: '>=3.10'
  url: https://conda.anaconda.org/conda-forge/noarch/urllib3-2.6.3-pyhd8ed1ab_0.conda
  hash:
    md5: 9272daa869e03efe68833e3dc7a02130
    sha256: af641ca7ab0c64525a96fd9ad3081b0f5bcf5d1cbb091afb3f6ed5a9eee6111a
  category: main
  optional: false
- name: uv
  version: 0.11.6
  manager: conda
  platform: linux-64
  dependencies:
    libstdcxx: '>=14'
    libgcc: '>=14'
    __glibc: '>=2.17,<3.0.a0'
  url: https://conda.anaconda.org/conda-forge/linux-64/uv-0.11.6-h0f56927_0.conda
  hash:
    md5: f78bab5fcaf462a4309c88c18def5574
    sha256: b4e119c6776d5f752f7f10a1e4810dcbcfe0a6b32cc23689b0009f93af76bf6c
  category: main
  optional: false
- name: wheel
  version: 0.46.3
  manager: conda
  platform: linux-64
  dependencies:
    packaging: '>=24.0'
    python: '>=3.10'
  url: https://conda.anaconda.org/conda-forge/noarch/wheel-0.46.3-pyhd8ed1ab_0.conda
  hash:
    md5: bdbd7385b4a67025ac2dba4ef8cb6a8f
    sha256: d6cf2f0ebd5e09120c28ecba450556ce553752652d91795442f0e70f837126ae
  category: main
  optional: false
- name: zstd
  version: 1.5.7
  manager: conda
  platform: linux-64
  dependencies:
    __glibc: '>=2.17,<3.0.a0'
    libzlib: '>=1.3.1,<2.0a0'
  url: https://conda.anaconda.org/conda-forge/linux-64/zstd-1.5.7-hb78ec9c_6.conda
  hash:
    md5: 4a13eeac0b5c8e5b8ab496e6c4ddd829
    sha256: 68f0206ca6e98fea941e5717cec780ed2873ffabc0e1ed34428c061e2c6268c7
  category: main
  optional: false
