[[package]]
name = "colorama"
version = "0.4.6"
description = "Cross-platform colored terminal text."
category = "dev"
optional = false
python-versions = "!=3.0.*,!=3.1.*,!=3.2.*,!=3.3.*,!=3.4.*,!=3.5.*,!=3.6.*,>=2.7"

[package.source]
type = "legacy"
url = "https://download.pytorch.org/whl/cpu"
reference = "torch"

[[package]]
name = "exceptiongroup"
version = "1.1.3"
description = "Backport of PEP 654 (exception groups)"
category = "dev"
optional = false
python-versions = ">=3.7"

[package.extras]
test = ["pytest (>=6)"]

[[package]]
name = "h5py"
version = "3.9.0"
description = "Read and write HDF5 files from Python"
category = "main"
optional = false
python-versions = ">=3.8"

[package.dependencies]
numpy = ">=1.17.3"

[[package]]
name = "importlib-metadata"
version = "6.8.0"
description = "Read metadata from Python packages"
category = "main"
optional = false
python-versions = ">=3.8"

[package.dependencies]
zipp = ">=0.5"

[package.extras]
docs = ["furo", "jaraco.packaging (>=9)", "jaraco.tidelift (>=1.4)", "rst.linker (>=1.9)", "sphinx (>=3.5)", "sphinx-lint"]
perf = ["ipython"]
testing = ["flufl.flake8", "importlib-resources (>=1.3)", "packaging", "pyfakefs", "pytest (>=6)", "pytest-black (>=0.3.7)", "pytest-checkdocs (>=2.4)", "pytest-cov", "pytest-enabler (>=2.2)", "pytest-mypy (>=0.9.1)", "pytest-perf (>=0.9.2)", "pytest-ruff"]

[[package]]
name = "iniconfig"
version = "2.0.0"
description = "brain-dead simple config-ini parsing"
category = "dev"
optional = false
python-versions = ">=3.7"

[[package]]
name = "ml4gw"
version = "0.2.0"
description = "Tools for training torch models on gravitational wave data"
category = "main"
optional = false
python-versions = "^3.8"
develop = true

[package.dependencies]
torch = "^1.10"
torchtyping = "^0.1"

[package.source]
type = "directory"
url = "../../ml4gw"

[[package]]
name = "numpy"
version = "1.24.4"
description = "Fundamental package for array computing in Python"
category = "main"
optional = false
python-versions = ">=3.8"

[[package]]
name = "packaging"
version = "23.1"
description = "Core utilities for Python packages"
category = "dev"
optional = false
python-versions = ">=3.7"

[[package]]
name = "pluggy"
version = "1.3.0"
description = "plugin and hook calling mechanisms for python"
category = "dev"
optional = false
python-versions = ">=3.8"

[package.extras]
dev = ["pre-commit", "tox"]
testing = ["pytest", "pytest-benchmark"]

[[package]]
name = "pytest"
version = "7.4.0"
description = "pytest: simple powerful testing with Python"
category = "dev"
optional = false
python-versions = ">=3.7"

[package.dependencies]
colorama = {version = "*", markers = "sys_platform == \"win32\""}
exceptiongroup = {version = ">=1.0.0rc8", markers = "python_version < \"3.11\""}
iniconfig = "*"
packaging = "*"
pluggy = ">=0.12,<2.0"
tomli = {version = ">=1.0.0", markers = "python_version < \"3.11\""}

[package.extras]
testing = ["argcomplete", "attrs (>=19.2.0)", "hypothesis (>=3.56)", "mock", "nose", "pygments (>=2.7.2)", "requests", "setuptools", "xmlschema"]

[[package]]
name = "toml"
version = "0.10.2"
description = "Python Library for Tom's Obvious, Minimal Language"
category = "main"
optional = true
python-versions = ">=2.6, !=3.0.*, !=3.1.*, !=3.2.*"

[[package]]
name = "tomli"
version = "2.0.1"
description = "A lil' TOML parser"
category = "dev"
optional = false
python-versions = ">=3.7"

[[package]]
name = "torch"
version = "1.13.1+cpu"
description = "Tensors and Dynamic neural networks in Python with strong GPU acceleration"
category = "main"
optional = false
python-versions = ">=3.7.0"

[package.dependencies]
typing-extensions = "*"

[package.extras]
opt-einsum = ["opt-einsum (>=3.3)"]

[package.source]
type = "legacy"
url = "https://download.pytorch.org/whl/cpu"
reference = "torch"

[[package]]
name = "torchtyping"
version = "0.1.4"
description = "Runtime type annotations for the shape, dtype etc. of PyTorch Tensors."
category = "main"
optional = false
python-versions = ">=3.7.0"

[package.dependencies]
torch = ">=1.7.0"
typeguard = ">=2.11.1"

[[package]]
name = "typeguard"
version = "4.1.3"
description = "Run-time type checker for Python"
category = "main"
optional = false
python-versions = ">=3.8"

[package.dependencies]
importlib-metadata = {version = ">=3.6", markers = "python_version < \"3.10\""}
typing-extensions = {version = ">=4.7.0", markers = "python_version < \"3.12\""}

[package.extras]
doc = ["Sphinx (>=7)", "packaging", "sphinx-autodoc-typehints (>=1.2.0)"]
test = ["coverage[toml] (>=7)", "mypy (>=1.2.0)", "pytest (>=7)"]

[[package]]
name = "typeo"
version = "0.1.6"
description = "Utilities for running functions as scripts"
category = "main"
optional = true
python-versions = "^3.8"
develop = false

[package.dependencies]
toml = "^0.10.2"

[package.source]
type = "git"
url = "https://github.com/ML4GW/typeo.git"
reference = "main"
resolved_reference = "bd2429d484a3c4c3d49bfab62811b57f905573f1"

[[package]]
name = "typing-extensions"
version = "4.7.1"
description = "Backported and Experimental Type Hints for Python 3.7+"
category = "main"
optional = false
python-versions = ">=3.7"

[[package]]
name = "zipp"
version = "3.16.2"
description = "Backport of pathlib-compatible object wrapper for zip files"
category = "main"
optional = false
python-versions = ">=3.8"

[package.extras]
docs = ["furo", "jaraco.packaging (>=9.3)", "jaraco.tidelift (>=1.4)", "rst.linker (>=1.9)", "sphinx (>=3.5)", "sphinx-lint"]
testing = ["big-O", "jaraco.functools", "jaraco.itertools", "more-itertools", "pytest (>=6)", "pytest-black (>=0.3.7)", "pytest-checkdocs (>=2.4)", "pytest-cov", "pytest-enabler (>=2.2)", "pytest-ignore-flaky", "pytest-mypy (>=0.9.1)", "pytest-ruff"]

[extras]
wrapper = ["typeo"]

[metadata]
lock-version = "1.1"
python-versions = ">=3.8,<3.11"
content-hash = "be027cac244198f733cc4dd34c254b01d3f07598f5ce9dcde7e74d6f2777e5af"

[metadata.files]
colorama = [
    {file = "colorama-0.4.6-py2.py3-none-any.whl", hash = "sha256:4f1d9991f5acc0ca119f9d443620b77f9d6b33703e51011c16baf57afb285fc6"},
]
exceptiongroup = [
    {file = "exceptiongroup-1.1.3-py3-none-any.whl", hash = "sha256:343280667a4585d195ca1cf9cef84a4e178c4b6cf2274caef9859782b567d5e3"},
    {file = "exceptiongroup-1.1.3.tar.gz", hash = "sha256:097acd85d473d75af5bb98e41b61ff7fe35efe6675e4f9370ec6ec5126d160e9"},
]
h5py = [
    {file = "h5py-3.9.0-cp310-cp310-macosx_10_9_x86_64.whl", hash = "sha256:eb7bdd5e601dd1739698af383be03f3dad0465fe67184ebd5afca770f50df9d6"},
    {file = "h5py-3.9.0-cp310-cp310-macosx_11_0_arm64.whl", hash = "sha256:78e44686334cbbf2dd21d9df15823bc38663f27a3061f6a032c68a3e30c47bf7"},
    {file = "h5py-3.9.0-cp310-cp310-manylinux_2_17_aarch64.manylinux2014_aarch64.whl", hash = "sha256:f68b41efd110ce9af1cbe6fa8af9f4dcbadace6db972d30828b911949e28fadd"},
    {file = "h5py-3.9.0-cp310-cp310-manylinux_2_17_x86_64.manylinux2014_x86_64.whl", hash = "sha256:12aa556d540f11a2cae53ea7cfb94017353bd271fb3962e1296b342f6550d1b8"},
    {file = "h5py-3.9.0-cp310-cp310-win_amd64.whl", hash = "sha256:d97409e17915798029e297a84124705c8080da901307ea58f29234e09b073ddc"},
    {file = "h5py-3.9.0-cp311-cp311-macosx_10_9_x86_64.whl", hash = "sha256:551e358db05a874a0f827b22e95b30092f2303edc4b91bb62ad2f10e0236e1a0"},
    {file = "h5py-3.9.0-cp311-cp311-macosx_11_0_arm64.whl", hash = "sha256:6822a814b9d8b8363ff102f76ea8d026f0ca25850bb579d85376029ee3e73b93"},
    {file = "h5py-3.9.0-cp311-cp311-manylinux_2_17_aarch64.manylinux2014_aarch64.whl", hash = "sha256:54f01202cdea754ab4227dd27014bdbd561a4bbe4b631424fd812f7c2ce9c6ac"},
    {file = "h5py-3.9.0-cp311-cp311-manylinux_2_17_x86_64.manylinux2014_x86_64.whl", hash = "sha256:64acceaf6aff92af091a4b83f6dee3cf8d3061f924a6bb3a33eb6c4658a8348b"},
    {file = "h5py-3.9.0-cp311-cp311-win_amd64.whl", hash = "sha256:804c7fb42a34c8ab3a3001901c977a5c24d2e9c586a0f3e7c0a389130b4276fc"},
    {file = "h5py-3.9.0-cp38-cp38-macosx_10_9_x86_64.whl", hash = "sha256:8d9492391ff5c3c80ec30ae2fe82a3f0efd1e750833739c25b0d090e3be1b095"},
    {file = "h5py-3.9.0-cp38-cp38-macosx_11_0_arm64.whl", hash = "sha256:9da9e7e63376c32704e37ad4cea2dceae6964cee0d8515185b3ab9cbd6b947bc"},
    {file = "h5py-3.9.0-cp38-cp38-manylinux_2_17_aarch64.manylinux2014_aarch64.whl", hash = "sha256:a4e20897c88759cbcbd38fb45b507adc91af3e0f67722aa302d71f02dd44d286"},
    {file = "h5py-3.9.0-cp38-cp38-manylinux_2_17_x86_64.manylinux2014_x86_64.whl", hash = "sha256:dbf5225543ca35ce9f61c950b73899a82be7ba60d58340e76d0bd42bf659235a"},
    {file = "h5py-3.9.0-cp38-cp38-win_amd64.whl", hash = "sha256:36408f8c62f50007d14e000f9f3acf77e103b9e932c114cbe52a3089e50ebf94"},
    {file = "h5py-3.9.0-cp39-cp39-macosx_10_9_x86_64.whl", hash = "sha256:23e74b878bbe1653ab34ca49b83cac85529cd0b36b9d625516c5830cc5ca2eac"},
    {file = "h5py-3.9.0-cp39-cp39-macosx_11_0_arm64.whl", hash = "sha256:3f457089c5d524b7998e3649bc63240679b8fb0a3859ea53bbb06841f3d755f1"},
    {file = "h5py-3.9.0-cp39-cp39-manylinux_2_17_aarch64.manylinux2014_aarch64.whl", hash = "sha256:a6284061f3214335e1eec883a6ee497dbe7a79f19e6a57fed2dd1f03acd5a8cb"},
    {file = "h5py-3.9.0-cp39-cp39-manylinux_2_17_x86_64.manylinux2014_x86_64.whl", hash = "sha256:95f7a745efd0d56076999b52e8da5fad5d30823bac98b59c68ae75588d09991a"},
    {file = "h5py-3.9.0-cp39-cp39-win_amd64.whl", hash = "sha256:79bbca34696c6f9eeeb36a91776070c49a060b2879828e2c8fa6c58b8ed10dd1"},
    {file = "h5py-3.9.0.tar.gz", hash = "sha256:e604db6521c1e367c6bd7fad239c847f53cc46646f2d2651372d05ae5e95f817"},
]
importlib-metadata = [
    {file = "importlib_metadata-6.8.0-py3-none-any.whl", hash = "sha256:3ebb78df84a805d7698245025b975d9d67053cd94c79245ba4b3eb694abe68bb"},
    {file = "importlib_metadata-6.8.0.tar.gz", hash = "sha256:dbace7892d8c0c4ac1ad096662232f831d4e64f4c4545bd53016a3e9d4654743"},
]
iniconfig = [
    {file = "iniconfig-2.0.0-py3-none-any.whl", hash = "sha256:b6a85871a79d2e3b22d2d1b94ac2824226a63c6b741c88f7ae975f18b6778374"},
    {file = "iniconfig-2.0.0.tar.gz", hash = "sha256:2d91e135bf72d31a410b17c16da610a82cb55f6b0477d1a902134b24a455b8b3"},
]
ml4gw = []
numpy = [
    {file = "numpy-1.24.4-cp310-cp310-macosx_10_9_x86_64.whl", hash = "sha256:c0bfb52d2169d58c1cdb8cc1f16989101639b34c7d3ce60ed70b19c63eba0b64"},
    {file = "numpy-1.24.4-cp310-cp310-macosx_11_0_arm64.whl", hash = "sha256:ed094d4f0c177b1b8e7aa9cba7d6ceed51c0e569a5318ac0ca9a090680a6a1b1"},
    {file = "numpy-1.24.4-cp310-cp310-manylinux_2_17_aarch64.manylinux2014_aarch64.whl", hash = "sha256:79fc682a374c4a8ed08b331bef9c5f582585d1048fa6d80bc6c35bc384eee9b4"},
    {file = "numpy-1.24.4-cp310-cp310-manylinux_2_17_x86_64.manylinux2014_x86_64.whl", hash = "sha256:7ffe43c74893dbf38c2b0a1f5428760a1a9c98285553c89e12d70a96a7f3a4d6"},
    {file = "numpy-1.24.4-cp310-cp310-win32.whl", hash = "sha256:4c21decb6ea94057331e111a5bed9a79d335658c27ce2adb580fb4d54f2ad9bc"},
    {file = "numpy-1.24.4-cp310-cp310-win_amd64.whl", hash = "sha256:b4bea75e47d9586d31e892a7401f76e909712a0fd510f58f5337bea9572c571e"},
    {file = "numpy-1.24.4-cp311-cp311-macosx_10_9_x86_64.whl", hash = "sha256:f136bab9c2cfd8da131132c2cf6cc27331dd6fae65f95f69dcd4ae3c3639c810"},
    {file = "numpy-1.24.4-cp311-cp311-macosx_11_0_arm64.whl", hash = "sha256:e2926dac25b313635e4d6cf4dc4e51c8c0ebfed60b801c799ffc4c32bf3d1254"},
    {file = "numpy-1.24.4-cp311-cp311-manylinux_2_17_aarch64.manylinux2014_aarch64.whl", hash = "sha256:222e40d0e2548690405b0b3c7b21d1169117391c2e82c378467ef9ab4c8f0da7"},
    {file = "numpy-1.24.4-cp311-cp311-manylinux_2_17_x86_64.manylinux2014_x86_64.whl", hash = "sha256:7215847ce88a85ce39baf9e89070cb860c98fdddacbaa6c0da3ffb31b3350bd5"},
    {file = "numpy-1.24.4-cp311-cp311-win32.whl", hash = "sha256:4979217d7de511a8d57f4b4b5b2b965f707768440c17cb70fbf254c4b225238d"},
    {file = "numpy-1.24.4-cp311-cp311-win_amd64.whl", hash = "sha256:b7b1fc9864d7d39e28f41d089bfd6353cb5f27ecd9905348c24187a768c79694"},
    {file = "numpy-1.24.4-cp38-cp38-macosx_10_9_x86_64.whl", hash = "sha256:1452241c290f3e2a312c137a9999cdbf63f78864d63c79039bda65ee86943f61"},
    {file = "numpy-1.24.4-cp38-cp38-macosx_11_0_arm64.whl", hash = "sha256:04640dab83f7c6c85abf9cd729c5b65f1ebd0ccf9de90b270cd61935eef0197f"},
    {file = "numpy-1.24.4-cp38-cp38-manylinux_2_17_aarch64.manylinux2014_aarch64.whl", hash = "sha256:a5425b114831d1e77e4b5d812b69d11d962e104095a5b9c3b641a218abcc050e"},
    {file = "numpy-1.24.4-cp38-cp38-manylinux_2_17_x86_64.manylinux2014_x86_64.whl", hash = "sha256:dd80e219fd4c71fc3699fc1dadac5dcf4fd882bfc6f7ec53d30fa197b8ee22dc"},
    {file = "numpy-1.24.4-cp38-cp38-win32.whl", hash = "sha256:4602244f345453db537be5314d3983dbf5834a9701b7723ec28923e2889e0bb2"},
    {file = "numpy-1.24.4-cp38-cp38-win_amd64.whl", hash = "sha256:692f2e0f55794943c5bfff12b3f56f99af76f902fc47487bdfe97856de51a706"},
    {file = "numpy-1.24.4-cp39-cp39-macosx_10_9_x86_64.whl", hash = "sha256:2541312fbf09977f3b3ad449c4e5f4bb55d0dbf79226d7724211acc905049400"},
    {file = "numpy-1.24.4-cp39-cp39-macosx_11_0_arm64.whl", hash = "sha256:9667575fb6d13c95f1b36aca12c5ee3356bf001b714fc354eb5465ce1609e62f"},
    {file = "numpy-1.24.4-cp39-cp39-manylinux_2_17_aarch64.manylinux2014_aarch64.whl", hash = "sha256:f3a86ed21e4f87050382c7bc96571755193c4c1392490744ac73d660e8f564a9"},
    {file = "numpy-1.24.4-cp39-cp39-manylinux_2_17_x86_64.manylinux2014_x86_64.whl", hash = "sha256:d11efb4dbecbdf22508d55e48d9c8384db795e1b7b51ea735289ff96613ff74d"},
    {file = "numpy-1.24.4-cp39-cp39-win32.whl", hash = "sha256:6620c0acd41dbcb368610bb2f4d83145674040025e5536954782467100aa8835"},
    {file = "numpy-1.24.4-cp39-cp39-win_amd64.whl", hash = "sha256:befe2bf740fd8373cf56149a5c23a0f601e82869598d41f8e188a0e9869926f8"},
    {file = "numpy-1.24.4-pp38-pypy38_pp73-macosx_10_9_x86_64.whl", hash = "sha256:31f13e25b4e304632a4619d0e0777662c2ffea99fcae2029556b17d8ff958aef"},
    {file = "numpy-1.24.4-pp38-pypy38_pp73-manylinux_2_17_x86_64.manylinux2014_x86_64.whl", hash = "sha256:95f7ac6540e95bc440ad77f56e520da5bf877f87dca58bd095288dce8940532a"},
    {file = "numpy-1.24.4-pp38-pypy38_pp73-win_amd64.whl", hash = "sha256:e98f220aa76ca2a977fe435f5b04d7b3470c0a2e6312907b37ba6068f26787f2"},
    {file = "numpy-1.24.4.tar.gz", hash = "sha256:80f5e3a4e498641401868df4208b74581206afbee7cf7b8329daae82676d9463"},
]
packaging = [
    {file = "packaging-23.1-py3-none-any.whl", hash = "sha256:994793af429502c4ea2ebf6bf664629d07c1a9fe974af92966e4b8d2df7edc61"},
    {file = "packaging-23.1.tar.gz", hash = "sha256:a392980d2b6cffa644431898be54b0045151319d1e7ec34f0cfed48767dd334f"},
]
pluggy = [
    {file = "pluggy-1.3.0-py3-none-any.whl", hash = "sha256:d89c696a773f8bd377d18e5ecda92b7a3793cbe66c87060a6fb58c7b6e1061f7"},
    {file = "pluggy-1.3.0.tar.gz", hash = "sha256:cf61ae8f126ac6f7c451172cf30e3e43d3ca77615509771b3a984a0730651e12"},
]
pytest = [
    {file = "pytest-7.4.0-py3-none-any.whl", hash = "sha256:78bf16451a2eb8c7a2ea98e32dc119fd2aa758f1d5d66dbf0a59d69a3969df32"},
    {file = "pytest-7.4.0.tar.gz", hash = "sha256:b4bf8c45bd59934ed84001ad51e11b4ee40d40a1229d2c79f9c592b0a3f6bd8a"},
]
toml = [
    {file = "toml-0.10.2-py2.py3-none-any.whl", hash = "sha256:806143ae5bfb6a3c6e736a764057db0e6a0e05e338b5630894a5f779cabb4f9b"},
    {file = "toml-0.10.2.tar.gz", hash = "sha256:b3bda1d108d5dd99f4a20d24d9c348e91c4db7ab1b749200bded2f839ccbe68f"},
]
tomli = [
    {file = "tomli-2.0.1-py3-none-any.whl", hash = "sha256:939de3e7a6161af0c887ef91b7d41a53e7c5a1ca976325f429cb46ea9bc30ecc"},
    {file = "tomli-2.0.1.tar.gz", hash = "sha256:de526c12914f0c550d15924c62d72abc48d6fe7364aa87328337a31007fe8a4f"},
]
torch = [
    {file = "torch-1.13.1+cpu-cp310-cp310-linux_x86_64.whl", hash = "sha256:11692523b87c45b79ddfb5148b12a713d85235d399915490d94e079521f7e014"},
    {file = "torch-1.13.1+cpu-cp310-cp310-win_amd64.whl", hash = "sha256:207ab3700cd9c4349f4fd1892597eb3d385eb78221c0f2974ec54b8ea903aa00"},
    {file = "torch-1.13.1+cpu-cp311-cp311-linux_x86_64.whl", hash = "sha256:dc185f2fdbb1f84855929d3ba7b36c74f218789d26a0e0268cb0586d466c8c24"},
    {file = "torch-1.13.1+cpu-cp37-cp37m-linux_x86_64.whl", hash = "sha256:2dd7e5f584c7ea5d8f038fd1fa40465785f797df0c7d06c432f5e72d9817115a"},
    {file = "torch-1.13.1+cpu-cp37-cp37m-win_amd64.whl", hash = "sha256:02e387834a3489396f1871f83f7a795610d09ef3da01aa431493b08eac5c6666"},
    {file = "torch-1.13.1+cpu-cp38-cp38-linux_x86_64.whl", hash = "sha256:4a8b84834eb12b3428c24e9f264c9bd6a2cf449fffc191374e7dbb2b950fc6d7"},
    {file = "torch-1.13.1+cpu-cp38-cp38-win_amd64.whl", hash = "sha256:43394e66487543c112044194e9bdecc6f48c869d692a9d0c755b95d642b29535"},
    {file = "torch-1.13.1+cpu-cp39-cp39-linux_x86_64.whl", hash = "sha256:71636a5c21927236f4974d2355fb3f66a0b707c28219b0135ff65ed0f0e61287"},
    {file = "torch-1.13.1+cpu-cp39-cp39-win_amd64.whl", hash = "sha256:988ee77c0975b4c3f570dfc62277b1e300bbbe7cc000ce2720e2e8c730fb9ce5"},
]
torchtyping = [
    {file = "torchtyping-0.1.4-py3-none-any.whl", hash = "sha256:485fb6ef3965c39b0de15f00d6f49373e0a3a6993e9733942a63c5e207d35390"},
    {file = "torchtyping-0.1.4.tar.gz", hash = "sha256:4763375d17752641bd1bff0faaddade29be3c125fca6355e3cee7700e975fdb5"},
]
typeguard = [
    {file = "typeguard-4.1.3-py3-none-any.whl", hash = "sha256:5b7453b1e3b35fcfe2d62fa4ec500d05e6f2f2eb46f4126ae964677fcc384fff"},
    {file = "typeguard-4.1.3.tar.gz", hash = "sha256:7d4264cd631ac1157c5bb5ec992281b4f1e2ba7a35db91bc15f442235e244803"},
]
typeo = []
typing-extensions = [
    {file = "typing_extensions-4.7.1-py3-none-any.whl", hash = "sha256:440d5dd3af93b060174bf433bccd69b0babc3b15b1a8dca43789fd7f61514b36"},
    {file = "typing_extensions-4.7.1.tar.gz", hash = "sha256:b75ddc264f0ba5615db7ba217daeb99701ad295353c45f9e95963337ceeeffb2"},
]
zipp = [
    {file = "zipp-3.16.2-py3-none-any.whl", hash = "sha256:679e51dd4403591b2d6838a48de3d283f3d188412a9782faadf845f298736ba0"},
    {file = "zipp-3.16.2.tar.gz", hash = "sha256:ebc15946aa78bd63458992fc81ec3b6f7b1e92d51c35e6de1c3804e73b799147"},
]
