# This lock file was generated by conda-lock (https://github.com/conda/conda-lock). DO NOT EDIT!
#
# A "lock file" contains a concrete list of package versions (with checksums) to be installed. Unlike
# e.g. `conda env create`, the resulting environment will not change as new package versions become
# available, unless you explicitly update the lock file.
#
# Install this environment as "YOURENV" with:
#     conda-lock install -n YOURENV conda-lock.yml
# To update a single package to the latest version compatible with the version constraints in the source:
#     conda-lock lock  --lockfile conda-lock.yml --update PACKAGE
# To re-solve the entire environment, e.g. after changing a version constraint in the source file:
#     conda-lock -f environment.yaml -f /home/ethan.marx/projects/aframev2/projects/data/environment.yaml --lockfile conda-lock.yml
version: 1
metadata:
  content_hash:
    linux-64: a31adc04c6ab7b4b2865356004c78d78100bb7e7aa3a8254a3fa8190d6d243e9
  channels:
  - url: conda-forge
    used_env_vars: []
  platforms:
  - linux-64
  sources:
  - environment.yaml
  - /home/ethan.marx/projects/aframev2/projects/data/environment.yaml
package:
- name: _openmp_mutex
  version: '4.5'
  manager: conda
  platform: linux-64
  dependencies:
    __glibc: '>=2.17,<3.0.a0'
    libgomp: '>=7.5.0'
  url: https://conda.anaconda.org/conda-forge/linux-64/_openmp_mutex-4.5-20_gnu.conda
  hash:
    md5: a9f577daf3de00bca7c3c76c0ecbd1de
    sha256: 1dd3fffd892081df9726d7eb7e0dea6198962ba775bd88842135a4ddb4deb3c9
  category: main
  optional: false
- name: bzip2
  version: 1.0.8
  manager: conda
  platform: linux-64
  dependencies:
    __glibc: '>=2.17,<3.0.a0'
    libgcc: '>=14'
  url: https://conda.anaconda.org/conda-forge/linux-64/bzip2-1.0.8-hda65f42_9.conda
  hash:
    md5: d2ffd7602c02f2b316fd921d39876885
    sha256: 0b75d45f0bba3e95dc693336fa51f40ea28c980131fec438afb7ce6118ed05f6
  category: main
  optional: false
- name: ca-certificates
  version: 2026.2.25
  manager: conda
  platform: linux-64
  dependencies:
    __unix: ''
  url: https://conda.anaconda.org/conda-forge/noarch/ca-certificates-2026.2.25-hbd8a1cb_0.conda
  hash:
    md5: 4492fd26db29495f0ba23f146cd5638d
    sha256: 67cc7101b36421c5913a1687ef1b99f85b5d6868da3abbf6ec1a4181e79782fc
  category: main
  optional: false
- name: cyrus-sasl
  version: 2.1.28
  manager: conda
  platform: linux-64
  dependencies:
    __glibc: '>=2.17,<3.0.a0'
    krb5: '>=1.22.2,<1.23.0a0'
    libgcc: '>=13'
    libntlm: '>=1.8,<2.0a0'
    libstdcxx: '>=13'
    libxcrypt: '>=4.4.36'
    openssl: '>=3.5.5,<4.0a0'
  url: https://conda.anaconda.org/conda-forge/linux-64/cyrus-sasl-2.1.28-hac629b4_1.conda
  hash:
    md5: af491aae930edc096b58466c51c4126c
    sha256: 7684da83306bb69686c0506fb09aa7074e1a55ade50c3a879e4e5df6eebb1009
  category: main
  optional: false
- name: docutils
  version: 0.22.4
  manager: conda
  platform: linux-64
  dependencies:
    python: '>=3.10'
  url: https://conda.anaconda.org/conda-forge/noarch/docutils-0.22.4-pyhd8ed1ab_0.conda
  hash:
    md5: d6bd3cd217e62bbd7efe67ff224cd667
    sha256: 0d605569a77350fb681f9ed8d357cc71649b59a304099dc9d09fbeec5e84a65e
  category: main
  optional: false
- name: icu
  version: '78.3'
  manager: conda
  platform: linux-64
  dependencies:
    __glibc: '>=2.17,<3.0.a0'
    libgcc: '>=14'
    libstdcxx: '>=14'
  url: https://conda.anaconda.org/conda-forge/linux-64/icu-78.3-h33c6efd_0.conda
  hash:
    md5: c80d8a3b84358cb967fa81e7075fbc8a
    sha256: fbf86c4a59c2ed05bbffb2ba25c7ed94f6185ec30ecb691615d42342baa1a16a
  category: main
  optional: false
- name: keyutils
  version: 1.6.3
  manager: conda
  platform: linux-64
  dependencies:
    __glibc: '>=2.17,<3.0.a0'
    libgcc: '>=13'
  url: https://conda.anaconda.org/conda-forge/linux-64/keyutils-1.6.3-hb9d3cd8_0.conda
  hash:
    md5: b38117a3c920364aff79f870c984b4a3
    sha256: 0960d06048a7185d3542d850986d807c6e37ca2e644342dd0c72feefcf26c2a4
  category: main
  optional: false
- name: krb5
  version: 1.22.2
  manager: conda
  platform: linux-64
  dependencies:
    __glibc: '>=2.17,<3.0.a0'
    keyutils: '>=1.6.3,<2.0a0'
    libedit: '>=3.1.20250104,<4.0a0'
    libgcc: '>=14'
    libstdcxx: '>=14'
    openssl: '>=3.5.5,<4.0a0'
  url: https://conda.anaconda.org/conda-forge/linux-64/krb5-1.22.2-ha1258a1_0.conda
  hash:
    md5: fb53fb07ce46a575c5d004bbc96032c2
    sha256: 3e307628ca3527448dd1cb14ad7bb9d04d1d28c7d4c5f97ba196ae984571dd25
  category: main
  optional: false
- name: law
  version: 0.1.20
  manager: conda
  platform: linux-64
  dependencies:
    python: ''
    six: '>=1.10'
    luigi: '>=2.8.2'
  url: https://conda.anaconda.org/conda-forge/noarch/law-0.1.20-pyh29332c3_2.conda
  hash:
    md5: bd7d23497790ed63c4f5e8849cd1b5ff
    sha256: 40079d6be21de77a5a834d6dd6f94be508f7a0df8a3abe1011bfbd0988fc3460
  category: main
  optional: false
- name: ld_impl_linux-64
  version: 2.45.1
  manager: conda
  platform: linux-64
  dependencies:
    __glibc: '>=2.17,<3.0.a0'
    zstd: '>=1.5.7,<1.6.0a0'
  url: https://conda.anaconda.org/conda-forge/linux-64/ld_impl_linux-64-2.45.1-default_hbd61a6d_102.conda
  hash:
    md5: 18335a698559cdbcd86150a48bf54ba6
    sha256: 3d584956604909ff5df353767f3a2a2f60e07d070b328d109f30ac40cd62df6c
  category: main
  optional: false
- name: ldas-tools-al
  version: 2.7.0
  manager: conda
  platform: linux-64
  dependencies:
    __glibc: '>=2.17,<3.0.a0'
    libboost: '>=1.88.0,<1.89.0a0'
    libgcc: '>=14'
    libstdcxx: '>=14'
  url: https://conda.anaconda.org/conda-forge/linux-64/ldas-tools-al-2.7.0-hd827ec0_3.conda
  hash:
    md5: 754b9e851afaea050c27ee93cfb2efaa
    sha256: cb41035f9c7bfa456409c06b7f093105cf5c8ccbb1876937f5767c2ad7ce83bb
  category: main
  optional: false
- name: ldas-tools-framecpp
  version: 2.9.3
  manager: conda
  platform: linux-64
  dependencies:
    __glibc: '>=2.17,<3.0.a0'
    ldas-tools-al: '>=2.7.0,<2.8.0a0'
    libboost: '>=1.88.0,<1.89.0a0'
    libgcc: '>=14'
    libstdcxx: '>=14'
    libzlib: '>=1.3.1,<2.0a0'
    openssl: '>=3.5.2,<4.0a0'
  url: https://conda.anaconda.org/conda-forge/linux-64/ldas-tools-framecpp-2.9.3-he85ded8_4.conda
  hash:
    md5: 41b300c2be384755cc193016f4eadb0c
    sha256: abbee4227ac52d8d86ee48ac6b72a557087c4f4c3db744e792320d3db100e567
  category: main
  optional: false
- name: libblas
  version: 3.11.0
  manager: conda
  platform: linux-64
  dependencies:
    libopenblas: '>=0.3.32,<1.0a0'
  url: https://conda.anaconda.org/conda-forge/linux-64/libblas-3.11.0-6_h4a7cf45_openblas.conda
  hash:
    md5: 6d6d225559bfa6e2f3c90ee9c03d4e2e
    sha256: 7bfe936dbb5db04820cf300a9cc1f5ee8d5302fc896c2d66e30f1ee2f20fbfd6
  category: main
  optional: false
- name: libboost
  version: 1.88.0
  manager: conda
  platform: linux-64
  dependencies:
    __glibc: '>=2.17,<3.0.a0'
    bzip2: '>=1.0.8,<2.0a0'
    icu: '>=78.1,<79.0a0'
    libgcc: '>=14'
    liblzma: '>=5.8.1,<6.0a0'
    libstdcxx: '>=14'
    libzlib: '>=1.3.1,<2.0a0'
    zstd: '>=1.5.7,<1.6.0a0'
  url: https://conda.anaconda.org/conda-forge/linux-64/libboost-1.88.0-hd24cca6_7.conda
  hash:
    md5: d70e4dc6a847d437387d45462fe60cf9
    sha256: dd489228e1916c7720c925248d0ba12803d1dc8b9898be0c51f4ab37bab6ffa5
  category: main
  optional: false
- name: libcblas
  version: 3.11.0
  manager: conda
  platform: linux-64
  dependencies:
    libblas: 3.11.0
  url: https://conda.anaconda.org/conda-forge/linux-64/libcblas-3.11.0-6_h0358290_openblas.conda
  hash:
    md5: 36ae340a916635b97ac8a0655ace2a35
    sha256: 57edafa7796f6fa3ebbd5367692dd4c7f552be42109c2dd1a7c89b55089bf374
  category: main
  optional: false
- name: libedit
  version: 3.1.20250104
  manager: conda
  platform: linux-64
  dependencies:
    ncurses: '>=6.5,<7.0a0'
    __glibc: '>=2.17,<3.0.a0'
    libgcc: '>=13'
  url: https://conda.anaconda.org/conda-forge/linux-64/libedit-3.1.20250104-pl5321h7949ede_0.conda
  hash:
    md5: c277e0a4d549b03ac1e9d6cbbe3d017b
    sha256: d789471216e7aba3c184cd054ed61ce3f6dac6f87a50ec69291b9297f8c18724
  category: main
  optional: false
- name: libexpat
  version: 2.7.5
  manager: conda
  platform: linux-64
  dependencies:
    __glibc: '>=2.17,<3.0.a0'
    libgcc: '>=14'
  url: https://conda.anaconda.org/conda-forge/linux-64/libexpat-2.7.5-hecca717_0.conda
  hash:
    md5: 49f570f3bc4c874a06ea69b7225753af
    sha256: e8c2b57f6aacabdf2f1b0924bd4831ce5071ba080baa4a9e8c0d720588b6794c
  category: main
  optional: false
- name: libffi
  version: 3.5.2
  manager: conda
  platform: linux-64
  dependencies:
    __glibc: '>=2.17,<3.0.a0'
    libgcc: '>=14'
  url: https://conda.anaconda.org/conda-forge/linux-64/libffi-3.5.2-h3435931_0.conda
  hash:
    md5: a360c33a5abe61c07959e449fa1453eb
    sha256: 31f19b6a88ce40ebc0d5a992c131f57d919f73c0b92cd1617a5bec83f6e961e6
  category: main
  optional: false
- name: libgcc
  version: 15.2.0
  manager: conda
  platform: linux-64
  dependencies:
    __glibc: '>=2.17,<3.0.a0'
    _openmp_mutex: '>=4.5'
  url: https://conda.anaconda.org/conda-forge/linux-64/libgcc-15.2.0-he0feb66_18.conda
  hash:
    md5: 0aa00f03f9e39fb9876085dee11a85d4
    sha256: faf7d2017b4d718951e3a59d081eb09759152f93038479b768e3d612688f83f5
  category: main
  optional: false
- name: libgcc-ng
  version: 15.2.0
  manager: conda
  platform: linux-64
  dependencies:
    libgcc: 15.2.0
  url: https://conda.anaconda.org/conda-forge/linux-64/libgcc-ng-15.2.0-h69a702a_18.conda
  hash:
    md5: d5e96b1ed75ca01906b3d2469b4ce493
    sha256: e318a711400f536c81123e753d4c797a821021fb38970cebfb3f454126016893
  category: main
  optional: false
- name: libgfortran
  version: 15.2.0
  manager: conda
  platform: linux-64
  dependencies:
    libgfortran5: 15.2.0
  url: https://conda.anaconda.org/conda-forge/linux-64/libgfortran-15.2.0-h69a702a_18.conda
  hash:
    md5: 9063115da5bc35fdc3e1002e69b9ef6e
    sha256: d2c9fad338fd85e4487424865da8e74006ab2e2475bd788f624d7a39b2a72aee
  category: main
  optional: false
- name: libgfortran5
  version: 15.2.0
  manager: conda
  platform: linux-64
  dependencies:
    __glibc: '>=2.17,<3.0.a0'
    libgcc: '>=15.2.0'
  url: https://conda.anaconda.org/conda-forge/linux-64/libgfortran5-15.2.0-h68bc16d_18.conda
  hash:
    md5: 646855f357199a12f02a87382d429b75
    sha256: 539b57cf50ec85509a94ba9949b7e30717839e4d694bc94f30d41c9d34de2d12
  category: main
  optional: false
- name: libgomp
  version: 15.2.0
  manager: conda
  platform: linux-64
  dependencies:
    __glibc: '>=2.17,<3.0.a0'
  url: https://conda.anaconda.org/conda-forge/linux-64/libgomp-15.2.0-he0feb66_18.conda
  hash:
    md5: 239c5e9546c38a1e884d69effcf4c882
    sha256: 21337ab58e5e0649d869ab168d4e609b033509de22521de1bfed0c031bfc5110
  category: main
  optional: false
- name: liblapack
  version: 3.11.0
  manager: conda
  platform: linux-64
  dependencies:
    libblas: 3.11.0
  url: https://conda.anaconda.org/conda-forge/linux-64/liblapack-3.11.0-6_h47877c9_openblas.conda
  hash:
    md5: 881d801569b201c2e753f03c84b85e15
    sha256: 371f517eb7010b21c6cc882c7606daccebb943307cb9a3bf2c70456a5c024f7d
  category: main
  optional: false
- name: liblzma
  version: 5.8.3
  manager: conda
  platform: linux-64
  dependencies:
    __glibc: '>=2.17,<3.0.a0'
    libgcc: '>=14'
  url: https://conda.anaconda.org/conda-forge/linux-64/liblzma-5.8.3-hb03c661_0.conda
  hash:
    md5: b88d90cad08e6bc8ad540cb310a761fb
    sha256: ec30e52a3c1bf7d0425380a189d209a52baa03f22fb66dd3eb587acaa765bd6d
  category: main
  optional: false
- name: libnsl
  version: 2.0.1
  manager: conda
  platform: linux-64
  dependencies:
    __glibc: '>=2.17,<3.0.a0'
    libgcc: '>=13'
  url: https://conda.anaconda.org/conda-forge/linux-64/libnsl-2.0.1-hb9d3cd8_1.conda
  hash:
    md5: d864d34357c3b65a4b731f78c0801dc4
    sha256: 927fe72b054277cde6cb82597d0fcf6baf127dcbce2e0a9d8925a68f1265eef5
  category: main
  optional: false
- name: libntlm
  version: '1.8'
  manager: conda
  platform: linux-64
  dependencies:
    __glibc: '>=2.17,<3.0.a0'
    libgcc: '>=13'
  url: https://conda.anaconda.org/conda-forge/linux-64/libntlm-1.8-hb9d3cd8_0.conda
  hash:
    md5: 7c7927b404672409d9917d49bff5f2d6
    sha256: 3b3f19ced060013c2dd99d9d46403be6d319d4601814c772a3472fe2955612b0
  category: main
  optional: false
- name: libopenblas
  version: 0.3.32
  manager: conda
  platform: linux-64
  dependencies:
    __glibc: '>=2.17,<3.0.a0'
    libgcc: '>=14'
    libgfortran: ''
    libgfortran5: '>=14.3.0'
  url: https://conda.anaconda.org/conda-forge/linux-64/libopenblas-0.3.32-pthreads_h94d23a6_0.conda
  hash:
    md5: 89d61bc91d3f39fda0ca10fcd3c68594
    sha256: 6dc30b28f32737a1c52dada10c8f3a41bc9e021854215efca04a7f00487d09d9
  category: main
  optional: false
- name: libsqlite
  version: 3.53.0
  manager: conda
  platform: linux-64
  dependencies:
    __glibc: '>=2.17,<3.0.a0'
    icu: '>=78.3,<79.0a0'
    libgcc: '>=14'
    libzlib: '>=1.3.2,<2.0a0'
  url: https://conda.anaconda.org/conda-forge/linux-64/libsqlite-3.53.0-hf4e2dac_0.conda
  hash:
    md5: 810d83373448da85c3f673fbcb7ad3a3
    sha256: ec37c79f737933bbac965f5dc0f08ef2790247129a84bb3114fad4900adce401
  category: main
  optional: false
- name: libstdcxx
  version: 15.2.0
  manager: conda
  platform: linux-64
  dependencies:
    __glibc: '>=2.17,<3.0.a0'
    libgcc: 15.2.0
  url: https://conda.anaconda.org/conda-forge/linux-64/libstdcxx-15.2.0-h934c35e_18.conda
  hash:
    md5: 1b08cd684f34175e4514474793d44bcb
    sha256: 78668020064fdaa27e9ab65cd2997e2c837b564ab26ce3bf0e58a2ce1a525c6e
  category: main
  optional: false
- name: libuuid
  version: '2.42'
  manager: conda
  platform: linux-64
  dependencies:
    __glibc: '>=2.17,<3.0.a0'
    libgcc: '>=14'
  url: https://conda.anaconda.org/conda-forge/linux-64/libuuid-2.42-h5347b49_0.conda
  hash:
    md5: 38ffe67b78c9d4de527be8315e5ada2c
    sha256: bc1b08c92626c91500fd9f26f2c797f3eb153b627d53e9c13cd167f1e12b2829
  category: main
  optional: false
- name: libxcrypt
  version: 4.4.36
  manager: conda
  platform: linux-64
  dependencies:
    libgcc-ng: '>=12'
  url: https://conda.anaconda.org/conda-forge/linux-64/libxcrypt-4.4.36-hd590300_1.conda
  hash:
    md5: 5aa797f8787fe7a17d1b0821485b5adc
    sha256: 6ae68e0b86423ef188196fff6207ed0c8195dd84273cb5623b85aa08033a410c
  category: main
  optional: false
- name: libzlib
  version: 1.3.2
  manager: conda
  platform: linux-64
  dependencies:
    __glibc: '>=2.17,<3.0.a0'
  url: https://conda.anaconda.org/conda-forge/linux-64/libzlib-1.3.2-h25fd6f3_2.conda
  hash:
    md5: d87ff7921124eccd67248aa483c23fec
    sha256: 55044c403570f0dc26e6364de4dc5368e5f3fc7ff103e867c487e2b5ab2bcda9
  category: main
  optional: false
- name: lockfile
  version: 0.12.2
  manager: conda
  platform: linux-64
  dependencies:
    python: ''
  url: https://conda.anaconda.org/conda-forge/noarch/lockfile-0.12.2-py_1.tar.bz2
  hash:
    md5: c104d98e09c47519950cffb8dd5b4f10
    sha256: d3a68045ef74a2a7b8c8a55b242fdbc875d362e37adcf793613cf0d8c8e4fbf7
  category: main
  optional: false
- name: luigi
  version: 3.8.0
  manager: conda
  platform: linux-64
  dependencies:
    python: ''
    python-dateutil: '>=2.7.5,<3'
    tenacity: '>=9'
    tornado: '>=5.0,<7'
    python-daemon: <2.2.0
    typing_extensions: '>=4.12.2'
  url: https://conda.anaconda.org/conda-forge/noarch/luigi-3.8.0-pyhcf101f3_0.conda
  hash:
    md5: 05c4dcb62f6dfcc238c2f6c85bd4a90a
    sha256: 5d97b079fd16cb13ea10735794ac486ce45654b9279d5e415714cb31555179e8
  category: main
  optional: false
- name: ncurses
  version: '6.5'
  manager: conda
  platform: linux-64
  dependencies:
    __glibc: '>=2.17,<3.0.a0'
    libgcc: '>=13'
  url: https://conda.anaconda.org/conda-forge/linux-64/ncurses-6.5-h2d0b736_3.conda
  hash:
    md5: 47e340acb35de30501a76c7c799c41d7
    sha256: 3fde293232fa3fca98635e1167de6b7c7fda83caf24b9d6c91ec9eefb4f4d586
  category: main
  optional: false
- name: nds2-client
  version: 0.16.8
  manager: conda
  platform: linux-64
  dependencies:
    __glibc: '>=2.17,<3.0.a0'
    cyrus-sasl: '>=2.1.28,<3.0a0'
    libgcc: '>=14'
    libstdcxx: '>=14'
  url: https://conda.anaconda.org/conda-forge/linux-64/nds2-client-0.16.8-h83f5b4b_10.conda
  hash:
    md5: e4a78c84a8336fda3f3ea62bbc8347f9
    sha256: a2f1bbb881b4277fb2c8a9424c61417efe7a617fd0c9fa0c13e1f172f40e34e0
  category: main
  optional: false
- name: numpy
  version: 2.4.3
  manager: conda
  platform: linux-64
  dependencies:
    python: ''
    libgcc: '>=14'
    libstdcxx: '>=14'
    __glibc: '>=2.17,<3.0.a0'
    liblapack: '>=3.9.0,<4.0a0'
    libblas: '>=3.9.0,<4.0a0'
    python_abi: 3.12.*
    libcblas: '>=3.9.0,<4.0a0'
  url: https://conda.anaconda.org/conda-forge/linux-64/numpy-2.4.3-py312h33ff503_0.conda
  hash:
    md5: 5930ee8a175a242b4f001b1e9e72024f
    sha256: 1aab7ba963affa572956b1bd8d239df52a9c7bc799c560f98bc658ab70224e10
  category: main
  optional: false
- name: openssl
  version: 3.6.2
  manager: conda
  platform: linux-64
  dependencies:
    __glibc: '>=2.17,<3.0.a0'
    ca-certificates: ''
    libgcc: '>=14'
  url: https://conda.anaconda.org/conda-forge/linux-64/openssl-3.6.2-h35e630c_0.conda
  hash:
    md5: da1b85b6a87e141f5140bb9924cecab0
    sha256: c0ef482280e38c71a08ad6d71448194b719630345b0c9c60744a2010e8a8e0cb
  category: main
  optional: false
- name: packaging
  version: '26.0'
  manager: conda
  platform: linux-64
  dependencies:
    python: ''
  url: https://conda.anaconda.org/conda-forge/noarch/packaging-26.0-pyhcf101f3_0.conda
  hash:
    md5: b76541e68fea4d511b1ac46a28dcd2c6
    sha256: c1fc0f953048f743385d31c468b4a678b3ad20caffdeaa94bed85ba63049fd58
  category: main
  optional: false
- name: pip
  version: 26.0.1
  manager: conda
  platform: linux-64
  dependencies:
    python: '>=3.10,<3.13.0a0'
    setuptools: ''
    wheel: ''
  url: https://conda.anaconda.org/conda-forge/noarch/pip-26.0.1-pyh8b19718_0.conda
  hash:
    md5: 67bdec43082fd8a9cffb9484420b39a2
    sha256: 8e1497814a9997654ed7990a79c054ea5a42545679407acbc6f7e809c73c9120
  category: main
  optional: false
- name: python
  version: 3.12.13
  manager: conda
  platform: linux-64
  dependencies:
    __glibc: '>=2.17,<3.0.a0'
    bzip2: '>=1.0.8,<2.0a0'
    ld_impl_linux-64: '>=2.36.1'
    libexpat: '>=2.7.4,<3.0a0'
    libffi: '>=3.5.2,<3.6.0a0'
    libgcc: '>=14'
    liblzma: '>=5.8.2,<6.0a0'
    libnsl: '>=2.0.1,<2.1.0a0'
    libsqlite: '>=3.51.2,<4.0a0'
    libuuid: '>=2.41.3,<3.0a0'
    libxcrypt: '>=4.4.36'
    libzlib: '>=1.3.1,<2.0a0'
    ncurses: '>=6.5,<7.0a0'
    openssl: '>=3.5.5,<4.0a0'
    readline: '>=8.3,<9.0a0'
    tk: '>=8.6.13,<8.7.0a0'
    tzdata: ''
    pip: ''
  url: https://conda.anaconda.org/conda-forge/linux-64/python-3.12.13-hd63d673_0_cpython.conda
  hash:
    md5: 7eccb41177e15cc672e1babe9056018e
    sha256: a44655c1c3e1d43ed8704890a91e12afd68130414ea2c0872e154e5633a13d7e
  category: main
  optional: false
- name: python-daemon
  version: 2.1.2
  manager: conda
  platform: linux-64
  dependencies:
    python: ''
    docutils: ''
    lockfile: '>=0.10'
    setuptools: <82
  url: https://conda.anaconda.org/conda-forge/noarch/python-daemon-2.1.2-pyhcf101f3_4.conda
  hash:
    md5: 05788a568e5e65eb0f69dab0fac82c48
    sha256: 6c678b94b079d2fc73b00d7ab5686e8d803a3ccf6dbcecef4909bb354955dabd
  category: main
  optional: false
- name: python-dateutil
  version: 2.9.0.post0
  manager: conda
  platform: linux-64
  dependencies:
    python: ''
    six: '>=1.5'
  url: https://conda.anaconda.org/conda-forge/noarch/python-dateutil-2.9.0.post0-pyhe01879c_2.conda
  hash:
    md5: 5b8d21249ff20967101ffa321cab24e8
    sha256: d6a17ece93bbd5139e02d2bd7dbfa80bee1a4261dced63f65f679121686bf664
  category: main
  optional: false
- name: python-ldas-tools-al
  version: 2.6.11
  manager: conda
  platform: linux-64
  dependencies:
    __glibc: '>=2.17,<3.0.a0'
    libgcc: '>=14'
    libstdcxx: '>=14'
    python: '>=3.12,<3.13.0a0'
    python_abi: 3.12.*
  url: https://conda.anaconda.org/conda-forge/linux-64/python-ldas-tools-al-2.6.11-py312hd9148b4_2.conda
  hash:
    md5: d0c2b9196765c45a71d079f93a4a9993
    sha256: 2491711ae906f22f470755a348346d8af00353ba156568a46e5510056f7dd5b4
  category: main
  optional: false
- name: python-ldas-tools-framecpp
  version: 2.6.14
  manager: conda
  platform: linux-64
  dependencies:
    __glibc: '>=2.17,<3.0.a0'
    ldas-tools-al: '>=2.7.0,<2.8.0a0'
    ldas-tools-framecpp: '>=2.9.3,<2.10.0a0'
    libboost: '>=1.88.0,<1.89.0a0'
    libgcc: '>=14'
    libstdcxx: '>=14'
    numpy: '>=1.23,<3'
    python: '>=3.12,<3.13.0a0'
    python-ldas-tools-al: '>=2.6.10'
    python_abi: 3.12.*
  url: https://conda.anaconda.org/conda-forge/linux-64/python-ldas-tools-framecpp-2.6.14-py312h25b3ab5_9.conda
  hash:
    md5: 85092c5eaf659f6d2e63b03ae52e3ec2
    sha256: 0e18a73066505c458df806b5508c000c950c99293f1e34e3b9792e60d99d7ece
  category: main
  optional: false
- name: python-nds2-client
  version: 0.16.12
  manager: conda
  platform: linux-64
  dependencies:
    __glibc: '>=2.17,<3.0.a0'
    libgcc: '>=14'
    libstdcxx: '>=14'
    nds2-client: '>=0.16.8,<0.17.0a0'
    numpy: '>=1.23,<3'
    python: '>=3.12,<3.13.0a0'
    python_abi: 3.12.*
  url: https://conda.anaconda.org/conda-forge/linux-64/python-nds2-client-0.16.12-py312hf79963d_8.conda
  hash:
    md5: 38dbadd66c561f15d7b777f9bf5d9ea8
    sha256: c87e135a49634d77198e8b64dcd8982935fe505a784afe497d8bf4d95f741668
  category: main
  optional: false
- name: python_abi
  version: '3.12'
  manager: conda
  platform: linux-64
  dependencies: {}
  url: https://conda.anaconda.org/conda-forge/noarch/python_abi-3.12-8_cp312.conda
  hash:
    md5: c3efd25ac4d74b1584d2f7a57195ddf1
    sha256: 80677180dd3c22deb7426ca89d6203f1c7f1f256f2d5a94dc210f6e758229809
  category: main
  optional: false
- name: readline
  version: '8.3'
  manager: conda
  platform: linux-64
  dependencies:
    __glibc: '>=2.17,<3.0.a0'
    libgcc: '>=14'
    ncurses: '>=6.5,<7.0a0'
  url: https://conda.anaconda.org/conda-forge/linux-64/readline-8.3-h853b02a_0.conda
  hash:
    md5: d7d95fc8287ea7bf33e0e7116d2b95ec
    sha256: 12ffde5a6f958e285aa22c191ca01bbd3d6e710aa852e00618fa6ddc59149002
  category: main
  optional: false
- name: setuptools
  version: 81.0.0
  manager: conda
  platform: linux-64
  dependencies:
    python: '>=3.10'
  url: https://conda.anaconda.org/conda-forge/noarch/setuptools-81.0.0-pyh332efcf_0.conda
  hash:
    md5: d629a398d7bf872f9ed7b27ab959de15
    sha256: 6ecf738d5590bf228f09c4ecd1ea91d811f8e0bd9acdef341bc4d6c36beb13a3
  category: main
  optional: false
- name: six
  version: 1.17.0
  manager: conda
  platform: linux-64
  dependencies:
    python: ''
  url: https://conda.anaconda.org/conda-forge/noarch/six-1.17.0-pyhe01879c_1.conda
  hash:
    md5: 3339e3b65d58accf4ca4fb8748ab16b3
    sha256: 458227f759d5e3fcec5d9b7acce54e10c9e1f4f4b7ec978f3bfd54ce4ee9853d
  category: main
  optional: false
- name: tenacity
  version: 9.1.4
  manager: conda
  platform: linux-64
  dependencies:
    python: ''
  url: https://conda.anaconda.org/conda-forge/noarch/tenacity-9.1.4-pyhcf101f3_0.conda
  hash:
    md5: 043f0599dc8aa023369deacdb5ac24eb
    sha256: 32e75900d6a094ffe4290a8c9f1fa15744d9da8ff617aba4acaa0f057a065c34
  category: main
  optional: false
- name: tk
  version: 8.6.13
  manager: conda
  platform: linux-64
  dependencies:
    __glibc: '>=2.17,<3.0.a0'
    libgcc: '>=14'
    libzlib: '>=1.3.1,<2.0a0'
  url: https://conda.anaconda.org/conda-forge/linux-64/tk-8.6.13-noxft_h366c992_103.conda
  hash:
    md5: cffd3bdd58090148f4cfcd831f4b26ab
    sha256: cafeec44494f842ffeca27e9c8b0c27ed714f93ac77ddadc6aaf726b5554ebac
  category: main
  optional: false
- name: tornado
  version: 6.5.5
  manager: conda
  platform: linux-64
  dependencies:
    __glibc: '>=2.17,<3.0.a0'
    libgcc: '>=14'
    python: '>=3.12,<3.13.0a0'
    python_abi: 3.12.*
  url: https://conda.anaconda.org/conda-forge/linux-64/tornado-6.5.5-py312h4c3975b_0.conda
  hash:
    md5: 2b37798adbc54fd9e591d24679d2133a
    sha256: 4629b1c9139858fb08bb357df917ffc12e4d284c57ff389806bb3ae476ef4e0a
  category: main
  optional: false
- name: typing_extensions
  version: 4.15.0
  manager: conda
  platform: linux-64
  dependencies:
    python: ''
  url: https://conda.anaconda.org/conda-forge/noarch/typing_extensions-4.15.0-pyhcf101f3_0.conda
  hash:
    md5: 0caa1af407ecff61170c9437a808404d
    sha256: 032271135bca55aeb156cee361c81350c6f3fb203f57d024d7e5a1fc9ef18731
  category: main
  optional: false
- name: tzdata
  version: 2025c
  manager: conda
  platform: linux-64
  dependencies: {}
  url: https://conda.anaconda.org/conda-forge/noarch/tzdata-2025c-hc9c84f9_1.conda
  hash:
    md5: ad659d0a2b3e47e38d829aa8cad2d610
    sha256: 1d30098909076af33a35017eed6f2953af1c769e273a0626a04722ac4acaba3c
  category: main
  optional: false
- name: uv
  version: 0.11.6
  manager: conda
  platform: linux-64
  dependencies:
    libstdcxx: '>=14'
    libgcc: '>=14'
    __glibc: '>=2.17,<3.0.a0'
  url: https://conda.anaconda.org/conda-forge/linux-64/uv-0.11.6-h0f56927_0.conda
  hash:
    md5: f78bab5fcaf462a4309c88c18def5574
    sha256: b4e119c6776d5f752f7f10a1e4810dcbcfe0a6b32cc23689b0009f93af76bf6c
  category: main
  optional: false
- name: wheel
  version: 0.46.3
  manager: conda
  platform: linux-64
  dependencies:
    packaging: '>=24.0'
    python: '>=3.10'
  url: https://conda.anaconda.org/conda-forge/noarch/wheel-0.46.3-pyhd8ed1ab_0.conda
  hash:
    md5: bdbd7385b4a67025ac2dba4ef8cb6a8f
    sha256: d6cf2f0ebd5e09120c28ecba450556ce553752652d91795442f0e70f837126ae
  category: main
  optional: false
- name: zstd
  version: 1.5.7
  manager: conda
  platform: linux-64
  dependencies:
    __glibc: '>=2.17,<3.0.a0'
    libzlib: '>=1.3.1,<2.0a0'
  url: https://conda.anaconda.org/conda-forge/linux-64/zstd-1.5.7-hb78ec9c_6.conda
  hash:
    md5: 4a13eeac0b5c8e5b8ab496e6c4ddd829
    sha256: 68f0206ca6e98fea941e5717cec780ed2873ffabc0e1ed34428c061e2c6268c7
  category: main
  optional: false
