# This lock file was generated by conda-lock (https://github.com/conda/conda-lock). DO NOT EDIT!
#
# A "lock file" contains a concrete list of package versions (with checksums) to be installed. Unlike
# e.g. `conda env create`, the resulting environment will not change as new package versions become
# available, unless you explicitly update the lock file.
#
# Install this environment as "YOURENV" with:
#     conda-lock install -n YOURENV data.conda-lock.yml
# To update a single package to the latest version compatible with the version constraints in the source:
#     conda-lock lock  --lockfile data.conda-lock.yml --update PACKAGE
# To re-solve the entire environment, e.g. after changing a version constraint in the source file:
#     conda-lock -f environment.yaml -f /home/ethan.marx/projects/aframev2/projects/data/environment.yaml -f data.yaml --lockfile data.conda-lock.yml
version: 1
metadata:
  content_hash:
    linux-64: bd0cc3b37c6a0d0b926c794a2f9f103c2153e0e4f6e3c5199393bd04c73ad17c
  channels:
  - url: conda-forge
    used_env_vars: []
  platforms:
  - linux-64
  sources:
  - data.yaml
package:
- name: _openmp_mutex
  version: '4.5'
  manager: conda
  platform: linux-64
  dependencies:
    __glibc: '>=2.17,<3.0.a0'
    libgomp: '>=7.5.0'
  url: https://conda.anaconda.org/conda-forge/linux-64/_openmp_mutex-4.5-20_gnu.conda
  hash:
    md5: a9f577daf3de00bca7c3c76c0ecbd1de
    sha256: 1dd3fffd892081df9726d7eb7e0dea6198962ba775bd88842135a4ddb4deb3c9
  category: main
  optional: false
- name: bzip2
  version: 1.0.8
  manager: conda
  platform: linux-64
  dependencies:
    __glibc: '>=2.17,<3.0.a0'
    libgcc: '>=14'
  url: https://conda.anaconda.org/conda-forge/linux-64/bzip2-1.0.8-hda65f42_10.conda
  hash:
    md5: e675fabcf81499adc7edf58124fb1e01
    sha256: 1a0d382c515ebf55f8ee1f38c8b81bc95af5c2acc42ad53b66bc5df932032f96
  category: main
  optional: false
- name: ca-certificates
  version: 2026.7.22
  manager: conda
  platform: linux-64
  dependencies:
    __unix: ''
  url: https://conda.anaconda.org/conda-forge/noarch/ca-certificates-2026.7.22-hbd8a1cb_0.conda
  hash:
    md5: 0f51e2391ade309db462a55611263e9c
    sha256: 0a0544cf95f64394fe4959286f5c71f5444ad58feb0602e53becb27448d24da6
  category: main
  optional: false
- name: cyrus-sasl
  version: 2.1.28
  manager: conda
  platform: linux-64
  dependencies:
    __glibc: '>=2.17,<3.0.a0'
    krb5: '>=1.22.2,<1.23.0a0'
    libgcc: '>=13'
    libntlm: '>=1.8,<2.0a0'
    libstdcxx: '>=13'
    libxcrypt: '>=4.4.36'
    openssl: '>=3.5.5,<4.0a0'
  url: https://conda.anaconda.org/conda-forge/linux-64/cyrus-sasl-2.1.28-hac629b4_1.conda
  hash:
    md5: af491aae930edc096b58466c51c4126c
    sha256: 7684da83306bb69686c0506fb09aa7074e1a55ade50c3a879e4e5df6eebb1009
  category: main
  optional: false
- name: icu
  version: '78.3'
  manager: conda
  platform: linux-64
  dependencies:
    __glibc: '>=2.17,<3.0.a0'
    libgcc: '>=14'
    libstdcxx: '>=14'
  url: https://conda.anaconda.org/conda-forge/linux-64/icu-78.3-py310h44b86e0_2.conda
  hash:
    md5: 72a381cbad04f24b1c2a43ef707f45b4
    sha256: 9f07834f0c546ab14d885ce0366285f61f44e326c0edd1fc63b8294e113ae432
  category: main
  optional: false
- name: keyutils
  version: 1.6.3
  manager: conda
  platform: linux-64
  dependencies:
    __glibc: '>=2.17,<3.0.a0'
    libgcc: '>=15'
  url: https://conda.anaconda.org/conda-forge/linux-64/keyutils-1.6.3-h7cc23a3_1.conda
  hash:
    md5: ba55d1b89fd7775e67de8291029b4059
    sha256: dd053c96dcb0dcfd59422aefea9d2fe937a190167f34fba7893ec1e10a7e8963
  category: main
  optional: false
- name: krb5
  version: 1.22.2
  manager: conda
  platform: linux-64
  dependencies:
    __glibc: '>=2.17,<3.0.a0'
    keyutils: '>=1.6.3,<2.0a0'
    libedit: '>=3.1.20250104,<3.2.0a0,>=3.1.20250104,<4.0a0'
    libgcc: '>=15'
    libstdcxx: '>=15'
    openssl: '>=3.5.7,<4.0a0'
  url: https://conda.anaconda.org/conda-forge/linux-64/krb5-1.22.2-hbc21106_2.conda
  hash:
    md5: 53318d715316929a574f83591308b1f8
    sha256: 2a5c38c85e63df84c4e69ee71439841ce570d259ae3060627bb9a49a938d66f4
  category: main
  optional: false
- name: ld_impl_linux-64
  version: 2.46.1
  manager: conda
  platform: linux-64
  dependencies:
    __glibc: '>=2.17,<3.0.a0'
    zstd: '>=1.5.7,<1.6.0a0'
  url: https://conda.anaconda.org/conda-forge/linux-64/ld_impl_linux-64-2.46.1-default_hbd61a6d_102.conda
  hash:
    md5: 449500f2c089da11c40f5c21312e3e07
    sha256: 27d83f1188cd19bcb7754a078b3fa7f4cfb8527f8eb2fde54dd01fc529d1adec
  category: main
  optional: false
- name: ldas-tools-al
  version: 2.8.1
  manager: conda
  platform: linux-64
  dependencies:
    __glibc: '>=2.17,<3.0.a0'
    libboost: '>=1.90.0,<1.91.0a0'
    libgcc: '>=14'
    libstdcxx: '>=14'
  url: https://conda.anaconda.org/conda-forge/linux-64/ldas-tools-al-2.8.1-h3785d3f_0.conda
  hash:
    md5: ef015f75f7d7004735f9eebc696c9066
    sha256: abbb5a5f80bd4cecc59d53ef6590be0b0a77aab3a0409eade3bb5c4b02153799
  category: main
  optional: false
- name: ldas-tools-framecpp
  version: 2.9.3
  manager: conda
  platform: linux-64
  dependencies:
    __glibc: '>=2.17,<3.0.a0'
    ldas-tools-al: '>=2.6.7,>=2.8.1,<2.9.0a0'
    libboost: '>=1.90.0,<1.91.0a0'
    libgcc: '>=14'
    libstdcxx: '>=14'
    libzlib: '>=1.3.2,<2.0a0'
    openssl: '>=3.5.6,<4.0a0'
  url: https://conda.anaconda.org/conda-forge/linux-64/ldas-tools-framecpp-2.9.3-hf21b2af_5.conda
  hash:
    md5: 87842405f6a9b825764d41d5f4d5554c
    sha256: 6444712e69604600c8721fcc506f155e18875cc8566fb4c96e8dc73865091e47
  category: main
  optional: false
- name: libblas
  version: 3.11.0
  manager: conda
  platform: linux-64
  dependencies:
    libopenblas: '>=0.3.34,<0.3.35.0a0,>=0.3.34,<1.0a0'
  url: https://conda.anaconda.org/conda-forge/linux-64/libblas-3.11.0-11_h4a7cf45_openblas.conda
  hash:
    md5: b8cce1486f3c62f33291d6318c193d0d
    sha256: d942e0c820d60a613a6f786d074f0820fb6343e3f1ccfb110b1d98b44fb75968
  category: main
  optional: false
- name: libboost
  version: 1.90.0
  manager: conda
  platform: linux-64
  dependencies:
    __glibc: '>=2.17,<3.0.a0'
    bzip2: '>=1.0.8,<2.0a0'
    icu: '>=78.3,<79.0a0'
    libgcc: '>=15'
    liblzma: '>=5.8.3,<6.0a0'
    libstdcxx: '>=15'
    libzlib: '>=1.3.2,<2.0a0'
    zstd: '>=1.5.7,<1.6.0a0'
  url: https://conda.anaconda.org/conda-forge/linux-64/libboost-1.90.0-h1101c1b_2.conda
  hash:
    md5: 664b3d13fe5fb5d9c364dd9057f43eca
    sha256: f996e7141b50af80aaa30f9c085f0c53dfc1b4c4b5e47e71a3f8b35f304321a0
  category: main
  optional: false
- name: libcblas
  version: 3.11.0
  manager: conda
  platform: linux-64
  dependencies:
    libblas: 3.11.0
  url: https://conda.anaconda.org/conda-forge/linux-64/libcblas-3.11.0-11_h0358290_openblas.conda
  hash:
    md5: 73a248c30811075059b5aeda766c2624
    sha256: f7d1bbdea61cf94ba219d17b2cb571a29830f8025385af799bff5a7ad1ef45e6
  category: main
  optional: false
- name: libedit
  version: 3.1.20250104
  manager: conda
  platform: linux-64
  dependencies:
    __glibc: '>=2.17,<3.0.a0'
    libgcc: '>=14'
    ncurses: '>=6.6,<7.0a0'
  url: https://conda.anaconda.org/conda-forge/linux-64/libedit-3.1.20250104-pl5321h373387f_1.conda
  hash:
    md5: 50708d3b951d0f8e2d7f2df5b5edc040
    sha256: 6473eb8caf2aae830f37caa93db9b26dddf7ac84b63229e8bf7fc0e5c3ab95b0
  category: main
  optional: false
- name: libexpat
  version: 2.8.1
  manager: conda
  platform: linux-64
  dependencies:
    __glibc: '>=2.17,<3.0.a0'
    libgcc: '>=14'
  url: https://conda.anaconda.org/conda-forge/linux-64/libexpat-2.8.1-hecca717_1.conda
  hash:
    md5: b24d3c612f71e7aa74158d92106318b2
    sha256: 16feffd9ddbbe5b718515d38ee376c685ba95491cd901244e24671d20b952a77
  category: main
  optional: false
- name: libffi
  version: 3.7.0
  manager: conda
  platform: linux-64
  dependencies:
    __glibc: '>=2.17,<3.0.a0'
    libgcc: '>=15'
  url: https://conda.anaconda.org/conda-forge/linux-64/libffi-3.7.0-h81df57d_1.conda
  hash:
    md5: 6525a0b06aa4fd390795f0740636a9dd
    sha256: c8c7583ef063bc3c430f1d48298e5ad24f796a35c22ed5b14183325825a61106
  category: main
  optional: false
- name: libgcc
  version: 16.2.0
  manager: conda
  platform: linux-64
  dependencies:
    __glibc: '>=2.17,<3.0.a0'
    _openmp_mutex: '>=4.5'
  url: https://conda.anaconda.org/conda-forge/linux-64/libgcc-16.2.0-ha9f2e26_4.conda
  hash:
    md5: cba14d01083fc62ffd32c24d7d390633
    sha256: 24090e675d34403b4ee1cd4372d8f6c0937da7ecfd66a19a57cac2ed0f4ea793
  category: main
  optional: false
- name: libgfortran
  version: 16.2.0
  manager: conda
  platform: linux-64
  dependencies:
    libgfortran5: 16.2.0
  url: https://conda.anaconda.org/conda-forge/linux-64/libgfortran-16.2.0-h69a702a_4.conda
  hash:
    md5: 5e92b8413fd1c8f8f3006f4661b12def
    sha256: 7653be4d88a4d74676c38dd892914d027dcecc0c65c406be772d31cb641f8cfd
  category: main
  optional: false
- name: libgfortran5
  version: 16.2.0
  manager: conda
  platform: linux-64
  dependencies:
    __glibc: '>=2.17,<3.0.a0'
    libgcc: '>=16.2.0'
  url: https://conda.anaconda.org/conda-forge/linux-64/libgfortran5-16.2.0-h6b99dfc_4.conda
  hash:
    md5: c22348a769bb072b6184eb6f7f05e4f2
    sha256: a5510cbcea3b9e9ab24b336429de997fa727af1dba323031500a962a20e38600
  category: main
  optional: false
- name: libgomp
  version: 16.2.0
  manager: conda
  platform: linux-64
  dependencies:
    __glibc: '>=2.17,<3.0.a0'
  url: https://conda.anaconda.org/conda-forge/linux-64/libgomp-16.2.0-he0feb66_4.conda
  hash:
    md5: 89d2c1231f47bd818f5d624b9411459d
    sha256: 0fe5cb8e0752241ab55e11656ed1b9726248b522d23b929fe7c95b83eb55b9bb
  category: main
  optional: false
- name: liblapack
  version: 3.11.0
  manager: conda
  platform: linux-64
  dependencies:
    libblas: 3.11.0
  url: https://conda.anaconda.org/conda-forge/linux-64/liblapack-3.11.0-11_h47877c9_openblas.conda
  hash:
    md5: 5622a13917855ce4b953b9e655cf9262
    sha256: 1ad3f43c9319ef398a8ef45989f4903a06e3965b51e77fc669a4c894168a8411
  category: main
  optional: false
- name: liblzma
  version: 5.8.3
  manager: conda
  platform: linux-64
  dependencies:
    __glibc: '>=2.17,<3.0.a0'
    libgcc: '>=14'
  url: https://conda.anaconda.org/conda-forge/linux-64/liblzma-5.8.3-hb03c661_1.conda
  hash:
    md5: 1390b7c5ac0b1d8e447bc5efa6d3c8c2
    sha256: 9787df8c22a59c9a70d3e5a10db9ad663485e75e9ccc3f09bd092cb7b95e0dab
  category: main
  optional: false
- name: libnsl
  version: 2.0.1
  manager: conda
  platform: linux-64
  dependencies:
    __glibc: '>=2.17,<3.0.a0'
    libgcc: '>=13'
  url: https://conda.anaconda.org/conda-forge/linux-64/libnsl-2.0.1-hb9d3cd8_1.conda
  hash:
    md5: d864d34357c3b65a4b731f78c0801dc4
    sha256: 927fe72b054277cde6cb82597d0fcf6baf127dcbce2e0a9d8925a68f1265eef5
  category: main
  optional: false
- name: libntlm
  version: '1.8'
  manager: conda
  platform: linux-64
  dependencies:
    __glibc: '>=2.17,<3.0.a0'
    libgcc: '>=13'
  url: https://conda.anaconda.org/conda-forge/linux-64/libntlm-1.8-hb9d3cd8_0.conda
  hash:
    md5: 7c7927b404672409d9917d49bff5f2d6
    sha256: 3b3f19ced060013c2dd99d9d46403be6d319d4601814c772a3472fe2955612b0
  category: main
  optional: false
- name: libopenblas
  version: 0.3.34
  manager: conda
  platform: linux-64
  dependencies:
    __glibc: '>=2.17,<3.0.a0'
    libgcc: '>=15'
    libgfortran: ''
    libgfortran5: '>=15.3.0'
  url: https://conda.anaconda.org/conda-forge/linux-64/libopenblas-0.3.34-pthreads_hf13c14d_2.conda
  hash:
    md5: 7e19fcd73d7f0997d3cb3326d2586a86
    sha256: 69a722751e14eab2eb3bfdcb9acb1187afbd962b0c49b48d829341e0f6787f60
  category: main
  optional: false
- name: libpython
  version: 3.12.14
  manager: conda
  platform: linux-64
  dependencies:
    __glibc: '>=2.17,<3.0.a0'
    libgcc: '>=15'
    libstdcxx: '>=15'
  url: https://conda.anaconda.org/conda-forge/linux-64/libpython-3.12.14-h0c77377_3_cpython.conda
  hash:
    md5: d247b7632f09324c11f24b5270361385
    sha256: 6be16a4906d83eb8e9e04375d524f339f426a847cffd294f1ceb0611988dc17a
  category: main
  optional: false
- name: libsqlite
  version: 3.53.4
  manager: conda
  platform: linux-64
  dependencies:
    __glibc: '>=2.17,<3.0.a0'
    icu: '>=78.3,<79.0a0'
    libgcc: '>=15'
    libzlib: '>=1.3.2,<2.0a0'
  url: https://conda.anaconda.org/conda-forge/linux-64/libsqlite-3.53.4-h13e7031_1.conda
  hash:
    md5: e72bbec309c2b0f37823ee7d4fabfcd3
    sha256: f20d70da54e5b31dd4a51fb1efeaafafd5ab6dd8d7ac9d1438eaa2526ac4ed3d
  category: main
  optional: false
- name: libstdcxx
  version: 16.2.0
  manager: conda
  platform: linux-64
  dependencies:
    __glibc: '>=2.17,<3.0.a0'
    libgcc: 16.2.0
  url: https://conda.anaconda.org/conda-forge/linux-64/libstdcxx-16.2.0-h934c35e_4.conda
  hash:
    md5: 2f2ef0d96de5bdd8c1270ff22fdf9352
    sha256: 40b792b0186c1e8859280a1f6f19a54fc50a11b32724fc7b637009c1a9bd302b
  category: main
  optional: false
- name: libuuid
  version: 2.42.3
  manager: conda
  platform: linux-64
  dependencies:
    __glibc: '>=2.17,<3.0.a0'
    libgcc: '>=15'
  url: https://conda.anaconda.org/conda-forge/linux-64/libuuid-2.42.3-hcfc3c73_0.conda
  hash:
    md5: 74a0a409d9f4561265d36b789d3f398a
    sha256: aa58bbba56644ffd062a4a9b358782c5eb7560ccead2ab8f7c5c6ede0a7d33a6
  category: main
  optional: false
- name: libxcrypt
  version: 4.4.38
  manager: conda
  platform: linux-64
  dependencies:
    __glibc: '>=2.17,<3.0.a0'
    libgcc: '>=14'
  url: https://conda.anaconda.org/conda-forge/linux-64/libxcrypt-4.4.38-h280c20c_0.conda
  hash:
    md5: f7a7ff5a6ab331e037abd34f379a631d
    sha256: f7e9292dd219a6435bbb1223da9586c3e70d66d169c5a92f08db3f2127df04e9
  category: main
  optional: false
- name: libzlib
  version: 1.3.2
  manager: conda
  platform: linux-64
  dependencies:
    __glibc: '>=2.17,<3.0.a0'
  url: https://conda.anaconda.org/conda-forge/linux-64/libzlib-1.3.2-h25fd6f3_3.conda
  hash:
    md5: 0de0122d9570a8ab637c6b73db268389
    sha256: eb8a0db0aa570124f7d2a93d7c7f596e3390df5e047818d873baad32985fc736
  category: main
  optional: false
- name: ncurses
  version: '6.6'
  manager: conda
  platform: linux-64
  dependencies:
    __glibc: '>=2.17,<3.0.a0'
    libgcc: '>=14'
  url: https://conda.anaconda.org/conda-forge/linux-64/ncurses-6.6-hdb14827_1.conda
  hash:
    md5: ee6c0cd80a60961a1f48aa3e0b91f986
    sha256: 5d46557214ed184381dafe835b7c94a474a1c3b307a08a250b1ea4779b44ffb3
  category: main
  optional: false
- name: nds2-client
  version: 0.16.8
  manager: conda
  platform: linux-64
  dependencies:
    __glibc: '>=2.17,<3.0.a0'
    cyrus-sasl: '>=2.1.28,<3.0a0'
    libgcc: '>=14'
    libstdcxx: '>=14'
  url: https://conda.anaconda.org/conda-forge/linux-64/nds2-client-0.16.8-ha5e03ca_11.conda
  hash:
    md5: a52f488d0df5ab8e6d67be3c475caf63
    sha256: a770fa5738408a621ce6ed8b8952c0d160017d594c11d54cbffcf7bdf7604570
  category: main
  optional: false
- name: numpy
  version: 2.5.3
  manager: conda
  platform: linux-64
  dependencies:
    __glibc: '>=2.17,<3.0.a0'
    libblas: '>=3.9.0,<4.0a0'
    libcblas: '>=3.9.0,<4.0a0'
    libgcc: '>=15'
    liblapack: '>=3.9.0,<4.0a0'
    libstdcxx: '>=15'
    python: ''
    python_abi: 3.12.*
  url: https://conda.anaconda.org/conda-forge/linux-64/numpy-2.5.3-py312he827f4e_0.conda
  hash:
    md5: 5abf073f2cf066f2f3d28229b3cbe94d
    sha256: 5b0e4c7757a2df883c5615a8f64bc4c113c4cd303ae6caa3ada5d397d114ce2a
  category: main
  optional: false
- name: openssl
  version: 3.6.4
  manager: conda
  platform: linux-64
  dependencies:
    __glibc: '>=2.17,<3.0.a0'
    ca-certificates: ''
    libgcc: '>=15'
  url: https://conda.anaconda.org/conda-forge/linux-64/openssl-3.6.4-h781a0a9_0.conda
  hash:
    md5: 16e3034a330cc625f2c685edec60cf4e
    sha256: 4747b2d6a8336f52343bceb8a1ebf41a9e6e665b9d2e3f989972de53a310599e
  category: main
  optional: false
- name: packaging
  version: '26.3'
  manager: conda
  platform: linux-64
  dependencies:
    python: '>=3.9'
  url: https://conda.anaconda.org/conda-forge/noarch/packaging-26.3-pyhc364b38_0.conda
  hash:
    md5: 936687ed80f295a1f5dbcf8bd34c252c
    sha256: c432626b16768b8dab228bfb706f7060c2d462a21c516d240f68f2f902b5a044
  category: main
  optional: false
- name: pip
  version: 26.2.1
  manager: conda
  platform: linux-64
  dependencies:
    python: '>=3.10,<3.13.0a0'
    setuptools: ''
    wheel: ''
  url: https://conda.anaconda.org/conda-forge/noarch/pip-26.2.1-pyh8b19718_0.conda
  hash:
    md5: 77b6cf3b0689d9fc68561df0db9b856d
    sha256: c205bae42eb11b364fe3663a817cbcbc20a8ef544c6b2ff6f391013487117259
  category: main
  optional: false
- name: python
  version: 3.12.14
  manager: conda
  platform: linux-64
  dependencies:
    __glibc: '>=2.17,<3.0.a0'
    bzip2: '>=1.0.8,<2.0a0'
    ld_impl_linux-64: '>=2.36.1'
    libexpat: '>=2.8.1,<3.0a0'
    libffi: '>=3.7.0,<3.8.0a0'
    libgcc: '>=15'
    liblzma: '>=5.8.3,<6.0a0'
    libnsl: '>=2.0.1,<2.1.0a0'
    libpython: 3.12.14
    libsqlite: '>=3.53.4,<4.0a0'
    libuuid: '>=2.42.3,<3.0a0'
    libxcrypt: '>=4.4.38'
    libzlib: '>=1.3.2,<2.0a0'
    ncurses: '>=6.6,<7.0a0'
    openssl: '>=3.5.8,<4.0a0'
    readline: '>=8.3,<9.0a0'
    tk: '>=8.6.13,<8.7.0a0'
    tzdata: ''
  url: https://conda.anaconda.org/conda-forge/linux-64/python-3.12.14-h5f976f7_3_cpython.conda
  hash:
    md5: 98be3cf76eca2e8871f907a03aed3b84
    sha256: 14c579b1016da04e4c9f1c5c857272d83ec447317d8c4074a07d59de3cef70ef
  category: main
  optional: false
- name: python-ldas-tools-al
  version: 2.6.14
  manager: conda
  platform: linux-64
  dependencies:
    python: '>=3.11'
  url: https://conda.anaconda.org/conda-forge/noarch/python-ldas-tools-al-2.6.14-pyh6467c12_1.conda
  hash:
    md5: ff7bce191e9208e664d2073a8964dc40
    sha256: 97f0c54cf3f74da96d3e101f4c4191058f39f1ffc937b7376c6eafb26897d58d
  category: main
  optional: false
- name: python-ldas-tools-framecpp
  version: 2.6.14
  manager: conda
  platform: linux-64
  dependencies:
    __glibc: '>=2.17,<3.0.a0'
    ldas-tools-al: '>=2.8.1,<2.9.0a0'
    ldas-tools-framecpp: '>=2.9.3,<2.10.0a0'
    libgcc: '>=15'
    libstdcxx: '>=15'
    numpy: '>=1.25,<3'
    python: ''
    python-ldas-tools-al: '>=2.6.10'
    python_abi: 3.12.*
  url: https://conda.anaconda.org/conda-forge/linux-64/python-ldas-tools-framecpp-2.6.14-np2py312hb40cfb6_11.conda
  hash:
    md5: 2a2aec2be971b174a92d0db5bbcea9bb
    sha256: 741b13dd3244bbbaa3a8c63ce850e267685056d3f575ead8f5702d3195e9ae62
  category: main
  optional: false
- name: python-nds2-client
  version: 0.16.12
  manager: conda
  platform: linux-64
  dependencies:
    __glibc: '>=2.17,<3.0.a0'
    libgcc: '>=14'
    libstdcxx: '>=14'
    nds2-client: '>=0.16.8,>=0.16.8,<0.17.0a0'
    numpy: '>=1.23,<3'
    python: '>=3.12,<3.13.0a0'
    python_abi: 3.12.*
  url: https://conda.anaconda.org/conda-forge/linux-64/python-nds2-client-0.16.12-py312hf79963d_8.conda
  hash:
    md5: 38dbadd66c561f15d7b777f9bf5d9ea8
    sha256: c87e135a49634d77198e8b64dcd8982935fe505a784afe497d8bf4d95f741668
  category: main
  optional: false
- name: python_abi
  version: '3.12'
  manager: conda
  platform: linux-64
  dependencies: {}
  url: https://conda.anaconda.org/conda-forge/noarch/python_abi-3.12-9_cp312.conda
  hash:
    md5: 4c32076993e6270825441d059ab5c18b
    sha256: ee9c2922e07afc85fc82d5fa82c9ac2c79da3be3283a5e17bf2f2ae38dbd02fb
  category: main
  optional: false
- name: readline
  version: '8.3'
  manager: conda
  platform: linux-64
  dependencies:
    __glibc: '>=2.17,<3.0.a0'
    libgcc: '>=15'
    ncurses: '>=6.6,<7.0a0'
  url: https://conda.anaconda.org/conda-forge/linux-64/readline-8.3-hd6e31c0_1.conda
  hash:
    md5: 69c01c781e7c8190bbdaf79e3848c5ca
    sha256: 01b3fe073a66e321970d09e04b388708f8cbdca5cdfbfcb7c9eeb470ad10383d
  category: main
  optional: false
- name: setuptools
  version: 84.0.0
  manager: conda
  platform: linux-64
  dependencies:
    python: '>=3.10'
  url: https://conda.anaconda.org/conda-forge/noarch/setuptools-84.0.0-pyh332efcf_0.conda
  hash:
    md5: 62ac906f1cd582c6c264c95625cb9d6f
    sha256: 9e200ee5f9ff19a4d94e4b51c4856d53dec849f91032f345cf0c6bc3d51a7183
  category: main
  optional: false
- name: tk
  version: 8.6.13
  manager: conda
  platform: linux-64
  dependencies:
    __glibc: '>=2.17,<3.0.a0'
    libgcc: '>=15'
    libzlib: '>=1.3.2,<2.0a0'
  url: https://conda.anaconda.org/conda-forge/linux-64/tk-8.6.13-noxft_h1df4ec4_4.conda
  hash:
    md5: 676a2f9b1c4fcf57b70aa5c65f6c60d0
    sha256: a1a241d172c1ccab067ba245206dd048bc3c2d1b84504b53c9468e99adfc16a1
  category: main
  optional: false
- name: tzdata
  version: 2026c
  manager: conda
  platform: linux-64
  dependencies: {}
  url: https://conda.anaconda.org/conda-forge/noarch/tzdata-2026c-h151e31d_0.conda
  hash:
    md5: fcb489df604d100968b737f2cb6076c6
    sha256: b928c30ddcb0e3f544c6eade8352737e6e610e263276b90232db6a578ef899d8
  category: main
  optional: false
- name: uv
  version: 0.12.12
  manager: conda
  platform: linux-64
  dependencies:
    __glibc: '>=2.17,<3.0.a0'
    libgcc: '>=15'
    liblzma: '>=5.8.3,<6.0a0'
    libstdcxx: '>=15'
    zstd: '>=1.5.7,<1.6.0a0'
  url: https://conda.anaconda.org/conda-forge/linux-64/uv-0.12.12-h841d291_0.conda
  hash:
    md5: ab48164f27bfec8d6624e2c8447e73f5
    sha256: 0da9fba742577c9e93020e435eccfdbe62d601aa2f25314c44e2bc13341610ff
  category: main
  optional: false
- name: wheel
  version: 0.48.0
  manager: conda
  platform: linux-64
  dependencies:
    packaging: '>=24.0'
    python: '>=3.10'
  url: https://conda.anaconda.org/conda-forge/noarch/wheel-0.48.0-pyhd8ed1ab_0.conda
  hash:
    md5: 9a2124517bfd5d792e0f7b86eefdfeb8
    sha256: ba64b29b6d418024cb565081a1799262cb2780d2534ff4c14f76aa858c4286cd
  category: main
  optional: false
- name: zstd
  version: 1.5.7
  manager: conda
  platform: linux-64
  dependencies:
    __glibc: '>=2.17,<3.0.a0'
    libzlib: '>=1.3.2,<2.0a0'
  url: https://conda.anaconda.org/conda-forge/linux-64/zstd-1.5.7-hb78ec9c_7.conda
  hash:
    md5: aa459086047c0e5e27023ab19f8cb86a
    sha256: 47d682b9f6d6ec9eb1a6e6c3e75ea6273e899e78fb7fc59f81d39745009fbc60
  category: main
  optional: false
